// !$*UTF8*$!
{
	archiveVersion = 1;
	classes = {
	};
	objectVersion = 45;
	objects = {

/* Begin PBXBuildFile section */
		FC083461126F88F100D509E2 /* RunAndJump.cpp in Sources */ = {isa = PBXBuildFile; fileRef = FC08345F126F88F100D509E2 /* RunAndJump.cpp */; };
		FC38F783123DABB50036678B /* assets in Resources */ = {isa = PBXBuildFile; fileRef = FC38F766123DABB50036678B /* assets */; };
		FC3997A91242C16E008E614D /* Clock.cpp in Sources */ = {isa = PBXBuildFile; fileRef = FC3997751242C16E008E614D /* Clock.cpp */; };
		FC3997AA1242C16E008E614D /* Color.cpp in Sources */ = {isa = PBXBuildFile; fileRef = FC3997771242C16E008E614D /* Color.cpp */; };
		FC3997AC1242C16E008E614D /* lq.c in Sources */ = {isa = PBXBuildFile; fileRef = FC39977D1242C16E008E614D /* lq.c */; };
		FC3997AE1242C16E008E614D /* Obstacle.cpp in Sources */ = {isa = PBXBuildFile; fileRef = FC3997801242C16E008E614D /* Obstacle.cpp */; };
		FC3997AF1242C16E008E614D /* OldPathway.cpp in Sources */ = {isa = PBXBuildFile; fileRef = FC3997821242C16E008E614D /* OldPathway.cpp */; };
		FC3997B01242C16E008E614D /* Path.cpp in Sources */ = {isa = PBXBuildFile; fileRef = FC3997851242C16E008E614D /* Path.cpp */; };
		FC3997B11242C16E008E614D /* Pathway.cpp in Sources */ = {isa = PBXBuildFile; fileRef = FC3997871242C16E008E614D /* Pathway.cpp */; };
		FC3997B21242C16E008E614D /* PlugIn.cpp in Sources */ = {isa = PBXBuildFile; fileRef = FC3997891242C16E008E614D /* PlugIn.cpp */; };
		FC3997B61242C16E008E614D /* SegmentedPath.cpp in Sources */ = {isa = PBXBuildFile; fileRef = FC3997961242C16E008E614D /* SegmentedPath.cpp */; };
		FC3997B71242C16E008E614D /* SegmentedPathway.cpp in Sources */ = {isa = PBXBuildFile; fileRef = FC3997991242C16E008E614D /* SegmentedPathway.cpp */; };
		FC3997B81242C16E008E614D /* SimpleVehicle.cpp in Sources */ = {isa = PBXBuildFile; fileRef = FC39979C1242C16E008E614D /* SimpleVehicle.cpp */; };
		FC3997B91242C16E008E614D /* TerrainRayTest.cpp in Sources */ = {isa = PBXBuildFile; fileRef = FC3997A01242C16E008E614D /* TerrainRayTest.cpp */; };
		FC3997BA1242C16E008E614D /* Vec3.cpp in Sources */ = {isa = PBXBuildFile; fileRef = FC3997A41242C16E008E614D /* Vec3.cpp */; };
		FC3997BB1242C16E008E614D /* Vec3Utilities.cpp in Sources */ = {isa = PBXBuildFile; fileRef = FC3997A61242C16E008E614D /* Vec3Utilities.cpp */; };
		FC8138B7124413590027435E /* CaptureTheFlag.cpp in Sources */ = {isa = PBXBuildFile; fileRef = FC8138B6124413590027435E /* CaptureTheFlag.cpp */; };
		FC8771DC124B2FD30028EB2C /* MachineGun.cpp in Sources */ = {isa = PBXBuildFile; fileRef = FC8771DA124B2FD30028EB2C /* MachineGun.cpp */; };
		FCA06F0811EDD6BB00FE4BFA /* UIKit.framework in Frameworks */ = {isa = PBXBuildFile; fileRef = FCA06F0711EDD6BB00FE4BFA /* UIKit.framework */; };
		FCA06F0C11EDD6D100FE4BFA /* Foundation.framework in Frameworks */ = {isa = PBXBuildFile; fileRef = FCA06F0B11EDD6D100FE4BFA /* Foundation.framework */; };
		FCB14CC712001DFB0010E756 /* CoreGraphics.framework in Frameworks */ = {isa = PBXBuildFile; fileRef = FCB14CC612001DFB0010E756 /* CoreGraphics.framework */; };
		FCB1F7A2123E40F700BA41ED /* MemoryLeakAppDelegate.mm in Sources */ = {isa = PBXBuildFile; fileRef = FCBE41451216807900A60972 /* MemoryLeakAppDelegate.mm */; };
		FCB1F7AD123E412100BA41ED /* Engine.cpp in Sources */ = {isa = PBXBuildFile; fileRef = FCBE41611216811B00A60972 /* Engine.cpp */; };
		FCB1F7AE123E412200BA41ED /* MD2_File.cpp in Sources */ = {isa = PBXBuildFile; fileRef = FCBE41651216811B00A60972 /* MD2_File.cpp */; };
		FCB1F7AF123E412300BA41ED /* MD2_Manager.cpp in Sources */ = {isa = PBXBuildFile; fileRef = FCBE41671216811B00A60972 /* MD2_Manager.cpp */; };
		FCB1F7B0123E412400BA41ED /* MD2_Model.cpp in Sources */ = {isa = PBXBuildFile; fileRef = FCBE41691216811B00A60972 /* MD2_Model.cpp */; };
		FCB1F7B1123E412500BA41ED /* RaptorIsland.cpp in Sources */ = {isa = PBXBuildFile; fileRef = FC10A9C2123C5F6A002A6142 /* RaptorIsland.cpp */; };
		FCB1F7B2123E412900BA41ED /* main.mm in Sources */ = {isa = PBXBuildFile; fileRef = FCBE41461216807900A60972 /* main.mm */; };
		FCB1F7B5123E413000BA41ED /* EAGLView.mm in Sources */ = {isa = PBXBuildFile; fileRef = FCBE41421216807900A60972 /* EAGLView.mm */; };
		FCBE414D1216807A00A60972 /* MainWindow.xib in Resources */ = {isa = PBXBuildFile; fileRef = FCBE41471216807900A60972 /* MainWindow.xib */; };
		FCE2DF10122C09AB005D610E /* Default.png in Resources */ = {isa = PBXBuildFile; fileRef = FCE2DF0F122C09AB005D610E /* Default.png */; };
		FCFD71AF121E95C800C8F382 /* libpthread.dylib in Frameworks */ = {isa = PBXBuildFile; fileRef = FCFD71AE121E95C800C8F382 /* libpthread.dylib */; };
		FCFECB6411EC0D2000BBBE2A /* OpenGLES.framework in Frameworks */ = {isa = PBXBuildFile; fileRef = FCFECB6311EC0D2000BBBE2A /* OpenGLES.framework */; };
		FCFECB6C11EC0D5200BBBE2A /* QuartzCore.framework in Frameworks */ = {isa = PBXBuildFile; fileRef = FCFECB6B11EC0D5200BBBE2A /* QuartzCore.framework */; };
/* End PBXBuildFile section */

/* Begin PBXFileReference section */
		1D6058910D05DD3D006BFB54 /* RaptorIsland.app */ = {isa = PBXFileReference; explicitFileType = wrapper.application; includeInIndex = 0; path = RaptorIsland.app; sourceTree = BUILT_PRODUCTS_DIR; };
		FC08345F126F88F100D509E2 /* RunAndJump.cpp */ = {isa = PBXFileReference; fileEncoding = 4; lastKnownFileType = sourcecode.cpp.cpp; name = RunAndJump.cpp; path = jni/RunAndJump.cpp; sourceTree = "<group>"; };
		FC083460126F88F100D509E2 /* RunAndJump.h */ = {isa = PBXFileReference; fileEncoding = 4; lastKnownFileType = sourcecode.c.h; name = RunAndJump.h; path = jni/RunAndJump.h; sourceTree = "<group>"; };
		FC08350D126F925600D509E2 /* MemoryLeak.h */ = {isa = PBXFileReference; fileEncoding = 4; lastKnownFileType = sourcecode.c.h; name = MemoryLeak.h; path = jni/MemoryLeak.h; sourceTree = "<group>"; };
		FC10A985123C502F002A6142 /* foo.h */ = {isa = PBXFileReference; fileEncoding = 4; lastKnownFileType = sourcecode.c.h; name = foo.h; path = jni/foo.h; sourceTree = "<group>"; };
		FC10A9C2123C5F6A002A6142 /* RaptorIsland.cpp */ = {isa = PBXFileReference; fileEncoding = 4; lastKnownFileType = sourcecode.cpp.cpp; name = RaptorIsland.cpp; path = jni/RaptorIsland.cpp; sourceTree = "<group>"; };
		FC10A9C3123C5F6A002A6142 /* RaptorIsland.h */ = {isa = PBXFileReference; fileEncoding = 4; lastKnownFileType = sourcecode.c.h; name = RaptorIsland.h; path = jni/RaptorIsland.h; sourceTree = "<group>"; };
		FC38F766123DABB50036678B /* assets */ = {isa = PBXFileReference; lastKnownFileType = folder; path = assets; sourceTree = "<group>"; };
		FC3997701242C16E008E614D /* AbstractVehicle.h */ = {isa = PBXFileReference; fileEncoding = 4; lastKnownFileType = sourcecode.c.h; path = AbstractVehicle.h; sourceTree = "<group>"; };
		FC3997711242C16E008E614D /* Annotation.h */ = {isa = PBXFileReference; fileEncoding = 4; lastKnownFileType = sourcecode.c.h; path = Annotation.h; sourceTree = "<group>"; };
		FC3997721242C16E008E614D /* Camera.cpp */ = {isa = PBXFileReference; fileEncoding = 4; lastKnownFileType = sourcecode.cpp.cpp; path = Camera.cpp; sourceTree = "<group>"; };
		FC3997731242C16E008E614D /* Camera.h */ = {isa = PBXFileReference; fileEncoding = 4; lastKnownFileType = sourcecode.c.h; path = Camera.h; sourceTree = "<group>"; };
		FC3997751242C16E008E614D /* Clock.cpp */ = {isa = PBXFileReference; fileEncoding = 4; lastKnownFileType = sourcecode.cpp.cpp; path = Clock.cpp; sourceTree = "<group>"; };
		FC3997761242C16E008E614D /* Clock.h */ = {isa = PBXFileReference; fileEncoding = 4; lastKnownFileType = sourcecode.c.h; path = Clock.h; sourceTree = "<group>"; };
		FC3997771242C16E008E614D /* Color.cpp */ = {isa = PBXFileReference; fileEncoding = 4; lastKnownFileType = sourcecode.cpp.cpp; path = Color.cpp; sourceTree = "<group>"; };
		FC3997781242C16E008E614D /* Color.h */ = {isa = PBXFileReference; fileEncoding = 4; lastKnownFileType = sourcecode.c.h; path = Color.h; sourceTree = "<group>"; };
		FC39977C1242C16E008E614D /* LocalSpace.h */ = {isa = PBXFileReference; fileEncoding = 4; lastKnownFileType = sourcecode.c.h; path = LocalSpace.h; sourceTree = "<group>"; };
		FC39977D1242C16E008E614D /* lq.c */ = {isa = PBXFileReference; fileEncoding = 4; lastKnownFileType = sourcecode.c.c; path = lq.c; sourceTree = "<group>"; };
		FC39977E1242C16E008E614D /* lq.h */ = {isa = PBXFileReference; fileEncoding = 4; lastKnownFileType = sourcecode.c.h; path = lq.h; sourceTree = "<group>"; };
		FC3997801242C16E008E614D /* Obstacle.cpp */ = {isa = PBXFileReference; fileEncoding = 4; lastKnownFileType = sourcecode.cpp.cpp; path = Obstacle.cpp; sourceTree = "<group>"; };
		FC3997811242C16E008E614D /* Obstacle.h */ = {isa = PBXFileReference; fileEncoding = 4; lastKnownFileType = sourcecode.c.h; path = Obstacle.h; sourceTree = "<group>"; };
		FC3997821242C16E008E614D /* OldPathway.cpp */ = {isa = PBXFileReference; fileEncoding = 4; lastKnownFileType = sourcecode.cpp.cpp; path = OldPathway.cpp; sourceTree = "<group>"; };
		FC3997831242C16E008E614D /* OldPathway.h */ = {isa = PBXFileReference; fileEncoding = 4; lastKnownFileType = sourcecode.c.h; path = OldPathway.h; sourceTree = "<group>"; };
		FC3997841242C16E008E614D /* OpenSteerDemo.h */ = {isa = PBXFileReference; fileEncoding = 4; lastKnownFileType = sourcecode.c.h; path = OpenSteerDemo.h; sourceTree = "<group>"; };
		FC3997851242C16E008E614D /* Path.cpp */ = {isa = PBXFileReference; fileEncoding = 4; lastKnownFileType = sourcecode.cpp.cpp; path = Path.cpp; sourceTree = "<group>"; };
		FC3997861242C16E008E614D /* Path.h */ = {isa = PBXFileReference; fileEncoding = 4; lastKnownFileType = sourcecode.c.h; path = Path.h; sourceTree = "<group>"; };
		FC3997871242C16E008E614D /* Pathway.cpp */ = {isa = PBXFileReference; fileEncoding = 4; lastKnownFileType = sourcecode.cpp.cpp; path = Pathway.cpp; sourceTree = "<group>"; };
		FC3997881242C16E008E614D /* Pathway.h */ = {isa = PBXFileReference; fileEncoding = 4; lastKnownFileType = sourcecode.c.h; path = Pathway.h; sourceTree = "<group>"; };
		FC3997891242C16E008E614D /* PlugIn.cpp */ = {isa = PBXFileReference; fileEncoding = 4; lastKnownFileType = sourcecode.cpp.cpp; path = PlugIn.cpp; sourceTree = "<group>"; };
		FC39978A1242C16E008E614D /* PlugIn.h */ = {isa = PBXFileReference; fileEncoding = 4; lastKnownFileType = sourcecode.c.h; path = PlugIn.h; sourceTree = "<group>"; };
		FC39978B1242C16E008E614D /* PolylineSegmentedPath.cpp */ = {isa = PBXFileReference; fileEncoding = 4; lastKnownFileType = sourcecode.cpp.cpp; path = PolylineSegmentedPath.cpp; sourceTree = "<group>"; };
		FC39978C1242C16E008E614D /* PolylineSegmentedPath.h */ = {isa = PBXFileReference; fileEncoding = 4; lastKnownFileType = sourcecode.c.h; path = PolylineSegmentedPath.h; sourceTree = "<group>"; };
		FC39978D1242C16E008E614D /* PolylineSegmentedPathwaySegmentRadii.cpp */ = {isa = PBXFileReference; fileEncoding = 4; lastKnownFileType = sourcecode.cpp.cpp; path = PolylineSegmentedPathwaySegmentRadii.cpp; sourceTree = "<group>"; };
		FC39978E1242C16E008E614D /* PolylineSegmentedPathwaySegmentRadii.h */ = {isa = PBXFileReference; fileEncoding = 4; lastKnownFileType = sourcecode.c.h; path = PolylineSegmentedPathwaySegmentRadii.h; sourceTree = "<group>"; };
		FC39978F1242C16E008E614D /* PolylineSegmentedPathwaySingleRadius.cpp */ = {isa = PBXFileReference; fileEncoding = 4; lastKnownFileType = sourcecode.cpp.cpp; path = PolylineSegmentedPathwaySingleRadius.cpp; sourceTree = "<group>"; };
		FC3997901242C16E008E614D /* PolylineSegmentedPathwaySingleRadius.h */ = {isa = PBXFileReference; fileEncoding = 4; lastKnownFileType = sourcecode.c.h; path = PolylineSegmentedPathwaySingleRadius.h; sourceTree = "<group>"; };
		FC3997911242C16E008E614D /* Proximity.h */ = {isa = PBXFileReference; fileEncoding = 4; lastKnownFileType = sourcecode.c.h; path = Proximity.h; sourceTree = "<group>"; };
		FC3997921242C16E008E614D /* QueryPathAlike.h */ = {isa = PBXFileReference; fileEncoding = 4; lastKnownFileType = sourcecode.c.h; path = QueryPathAlike.h; sourceTree = "<group>"; };
		FC3997931242C16E008E614D /* QueryPathAlikeBaseDataExtractionPolicies.h */ = {isa = PBXFileReference; fileEncoding = 4; lastKnownFileType = sourcecode.c.h; path = QueryPathAlikeBaseDataExtractionPolicies.h; sourceTree = "<group>"; };
		FC3997941242C16E008E614D /* QueryPathAlikeMappings.h */ = {isa = PBXFileReference; fileEncoding = 4; lastKnownFileType = sourcecode.c.h; path = QueryPathAlikeMappings.h; sourceTree = "<group>"; };
		FC3997951242C16E008E614D /* QueryPathAlikeUtilities.h */ = {isa = PBXFileReference; fileEncoding = 4; lastKnownFileType = sourcecode.c.h; path = QueryPathAlikeUtilities.h; sourceTree = "<group>"; };
		FC3997961242C16E008E614D /* SegmentedPath.cpp */ = {isa = PBXFileReference; fileEncoding = 4; lastKnownFileType = sourcecode.cpp.cpp; path = SegmentedPath.cpp; sourceTree = "<group>"; };
		FC3997971242C16E008E614D /* SegmentedPath.h */ = {isa = PBXFileReference; fileEncoding = 4; lastKnownFileType = sourcecode.c.h; path = SegmentedPath.h; sourceTree = "<group>"; };
		FC3997981242C16E008E614D /* SegmentedPathAlikeUtilities.h */ = {isa = PBXFileReference; fileEncoding = 4; lastKnownFileType = sourcecode.c.h; path = SegmentedPathAlikeUtilities.h; sourceTree = "<group>"; };
		FC3997991242C16E008E614D /* SegmentedPathway.cpp */ = {isa = PBXFileReference; fileEncoding = 4; lastKnownFileType = sourcecode.cpp.cpp; path = SegmentedPathway.cpp; sourceTree = "<group>"; };
		FC39979A1242C16E008E614D /* SegmentedPathway.h */ = {isa = PBXFileReference; fileEncoding = 4; lastKnownFileType = sourcecode.c.h; path = SegmentedPathway.h; sourceTree = "<group>"; };
		FC39979B1242C16E008E614D /* SharedPointer.h */ = {isa = PBXFileReference; fileEncoding = 4; lastKnownFileType = sourcecode.c.h; path = SharedPointer.h; sourceTree = "<group>"; };
		FC39979C1242C16E008E614D /* SimpleVehicle.cpp */ = {isa = PBXFileReference; fileEncoding = 4; lastKnownFileType = sourcecode.cpp.cpp; path = SimpleVehicle.cpp; sourceTree = "<group>"; };
		FC39979D1242C16E008E614D /* SimpleVehicle.h */ = {isa = PBXFileReference; fileEncoding = 4; lastKnownFileType = sourcecode.c.h; path = SimpleVehicle.h; sourceTree = "<group>"; };
		FC39979E1242C16E008E614D /* StandardTypes.h */ = {isa = PBXFileReference; fileEncoding = 4; lastKnownFileType = sourcecode.c.h; path = StandardTypes.h; sourceTree = "<group>"; };
		FC39979F1242C16E008E614D /* SteerLibrary.h */ = {isa = PBXFileReference; fileEncoding = 4; lastKnownFileType = sourcecode.c.h; path = SteerLibrary.h; sourceTree = "<group>"; };
		FC3997A01242C16E008E614D /* TerrainRayTest.cpp */ = {isa = PBXFileReference; fileEncoding = 4; lastKnownFileType = sourcecode.cpp.cpp; path = TerrainRayTest.cpp; sourceTree = "<group>"; };
		FC3997A11242C16E008E614D /* TerrainRayTest.h */ = {isa = PBXFileReference; fileEncoding = 4; lastKnownFileType = sourcecode.c.h; path = TerrainRayTest.h; sourceTree = "<group>"; };
		FC3997A21242C16E008E614D /* UnusedParameter.h */ = {isa = PBXFileReference; fileEncoding = 4; lastKnownFileType = sourcecode.c.h; path = UnusedParameter.h; sourceTree = "<group>"; };
		FC3997A31242C16E008E614D /* Utilities.h */ = {isa = PBXFileReference; fileEncoding = 4; lastKnownFileType = sourcecode.c.h; path = Utilities.h; sourceTree = "<group>"; };
		FC3997A41242C16E008E614D /* Vec3.cpp */ = {isa = PBXFileReference; fileEncoding = 4; lastKnownFileType = sourcecode.cpp.cpp; path = Vec3.cpp; sourceTree = "<group>"; };
		FC3997A51242C16E008E614D /* Vec3.h */ = {isa = PBXFileReference; fileEncoding = 4; lastKnownFileType = sourcecode.c.h; path = Vec3.h; sourceTree = "<group>"; };
		FC3997A61242C16E008E614D /* Vec3Utilities.cpp */ = {isa = PBXFileReference; fileEncoding = 4; lastKnownFileType = sourcecode.cpp.cpp; path = Vec3Utilities.cpp; sourceTree = "<group>"; };
		FC3997A71242C16E008E614D /* Vec3Utilities.h */ = {isa = PBXFileReference; fileEncoding = 4; lastKnownFileType = sourcecode.c.h; path = Vec3Utilities.h; sourceTree = "<group>"; };
		FC39980D1242C4BC008E614D /* Draw.h */ = {isa = PBXFileReference; fileEncoding = 4; lastKnownFileType = sourcecode.c.h; path = Draw.h; sourceTree = "<group>"; };
		FC3998261242C56C008E614D /* Draw.cpp */ = {isa = PBXFileReference; fileEncoding = 4; lastKnownFileType = sourcecode.cpp.cpp; path = Draw.cpp; sourceTree = "<group>"; };
		FC8137481243F3840027435E /* CaptureTheFlag.h */ = {isa = PBXFileReference; fileEncoding = 4; lastKnownFileType = sourcecode.c.h; name = CaptureTheFlag.h; path = jni/CaptureTheFlag.h; sourceTree = "<group>"; };
		FC8138B6124413590027435E /* CaptureTheFlag.cpp */ = {isa = PBXFileReference; fileEncoding = 4; lastKnownFileType = sourcecode.cpp.cpp; name = CaptureTheFlag.cpp; path = jni/CaptureTheFlag.cpp; sourceTree = "<group>"; };
		FC8138D0124415C00027435E /* Globals.h */ = {isa = PBXFileReference; fileEncoding = 4; lastKnownFileType = sourcecode.c.h; name = Globals.h; path = jni/Globals.h; sourceTree = "<group>"; };
		FC8771DA124B2FD30028EB2C /* MachineGun.cpp */ = {isa = PBXFileReference; fileEncoding = 4; lastKnownFileType = sourcecode.cpp.cpp; name = MachineGun.cpp; path = jni/MachineGun.cpp; sourceTree = "<group>"; };
		FC8771DB124B2FD30028EB2C /* MachineGun.h */ = {isa = PBXFileReference; fileEncoding = 4; lastKnownFileType = sourcecode.c.h; name = MachineGun.h; path = jni/MachineGun.h; sourceTree = "<group>"; };
		FCA06F0711EDD6BB00FE4BFA /* UIKit.framework */ = {isa = PBXFileReference; lastKnownFileType = wrapper.framework; name = UIKit.framework; path = System/Library/Frameworks/UIKit.framework; sourceTree = SDKROOT; };
		FCA06F0B11EDD6D100FE4BFA /* Foundation.framework */ = {isa = PBXFileReference; lastKnownFileType = wrapper.framework; name = Foundation.framework; path = System/Library/Frameworks/Foundation.framework; sourceTree = SDKROOT; };
		FCB14CC612001DFB0010E756 /* CoreGraphics.framework */ = {isa = PBXFileReference; lastKnownFileType = wrapper.framework; name = CoreGraphics.framework; path = System/Library/Frameworks/CoreGraphics.framework; sourceTree = SDKROOT; };
		FCBE41411216807900A60972 /* EAGLView.h */ = {isa = PBXFileReference; fileEncoding = 4; lastKnownFileType = sourcecode.c.h; path = EAGLView.h; sourceTree = "<group>"; };
		FCBE41421216807900A60972 /* EAGLView.mm */ = {isa = PBXFileReference; fileEncoding = 4; lastKnownFileType = sourcecode.cpp.objcpp; path = EAGLView.mm; sourceTree = "<group>"; };
		FCBE41431216807900A60972 /* importgl.h */ = {isa = PBXFileReference; fileEncoding = 4; lastKnownFileType = sourcecode.c.h; path = importgl.h; sourceTree = "<group>"; };
		FCBE41441216807900A60972 /* MemoryLeakAppDelegate.h */ = {isa = PBXFileReference; fileEncoding = 4; lastKnownFileType = sourcecode.c.h; path = MemoryLeakAppDelegate.h; sourceTree = "<group>"; };
		FCBE41451216807900A60972 /* MemoryLeakAppDelegate.mm */ = {isa = PBXFileReference; fileEncoding = 4; lastKnownFileType = sourcecode.cpp.objcpp; path = MemoryLeakAppDelegate.mm; sourceTree = "<group>"; };
		FCBE41461216807900A60972 /* main.mm */ = {isa = PBXFileReference; fileEncoding = 4; lastKnownFileType = sourcecode.cpp.objcpp; name = main.mm; path = iPhone/main.mm; sourceTree = "<group>"; };
		FCBE41471216807900A60972 /* MainWindow.xib */ = {isa = PBXFileReference; lastKnownFileType = file.xib; name = MainWindow.xib; path = iPhone/MainWindow.xib; sourceTree = "<group>"; };
		FCBE41611216811B00A60972 /* Engine.cpp */ = {isa = PBXFileReference; fileEncoding = 4; lastKnownFileType = sourcecode.cpp.cpp; name = Engine.cpp; path = jni/Engine.cpp; sourceTree = "<group>"; };
		FCBE41621216811B00A60972 /* Engine.h */ = {isa = PBXFileReference; fileEncoding = 4; lastKnownFileType = sourcecode.c.h; name = Engine.h; path = jni/Engine.h; sourceTree = "<group>"; };
		FCBE41641216811B00A60972 /* MD2_Config.h */ = {isa = PBXFileReference; fileEncoding = 4; lastKnownFileType = sourcecode.c.h; name = MD2_Config.h; path = jni/MD2_Config.h; sourceTree = "<group>"; };
		FCBE41651216811B00A60972 /* MD2_File.cpp */ = {isa = PBXFileReference; fileEncoding = 4; lastKnownFileType = sourcecode.cpp.cpp; name = MD2_File.cpp; path = jni/MD2_File.cpp; sourceTree = "<group>"; };
		FCBE41661216811B00A60972 /* MD2_File.h */ = {isa = PBXFileReference; fileEncoding = 4; lastKnownFileType = sourcecode.c.h; name = MD2_File.h; path = jni/MD2_File.h; sourceTree = "<group>"; };
		FCBE41671216811B00A60972 /* MD2_Manager.cpp */ = {isa = PBXFileReference; fileEncoding = 4; lastKnownFileType = sourcecode.cpp.cpp; name = MD2_Manager.cpp; path = jni/MD2_Manager.cpp; sourceTree = "<group>"; };
		FCBE41681216811B00A60972 /* MD2_Manager.h */ = {isa = PBXFileReference; fileEncoding = 4; lastKnownFileType = sourcecode.c.h; name = MD2_Manager.h; path = jni/MD2_Manager.h; sourceTree = "<group>"; };
		FCBE41691216811B00A60972 /* MD2_Model.cpp */ = {isa = PBXFileReference; fileEncoding = 4; lastKnownFileType = sourcecode.cpp.cpp; name = MD2_Model.cpp; path = jni/MD2_Model.cpp; sourceTree = "<group>"; };
		FCBE416A1216811B00A60972 /* MD2_Model.h */ = {isa = PBXFileReference; fileEncoding = 4; lastKnownFileType = sourcecode.c.h; name = MD2_Model.h; path = jni/MD2_Model.h; sourceTree = "<group>"; };
		FCBE416B1216811B00A60972 /* OpenGLCommon.h */ = {isa = PBXFileReference; fileEncoding = 4; lastKnownFileType = sourcecode.c.h; name = OpenGLCommon.h; path = jni/OpenGLCommon.h; sourceTree = "<group>"; };
		FCBE416C1216811B00A60972 /* Platform.h */ = {isa = PBXFileReference; fileEncoding = 4; lastKnownFileType = sourcecode.c.h; name = Platform.h; path = jni/Platform.h; sourceTree = "<group>"; };
		FCBE416D1216811B00A60972 /* Player.h */ = {isa = PBXFileReference; fileEncoding = 4; lastKnownFileType = sourcecode.c.h; name = Player.h; path = jni/Player.h; sourceTree = "<group>"; };
		FCBE417C121681C600A60972 /* importgl.h */ = {isa = PBXFileReference; fileEncoding = 4; lastKnownFileType = sourcecode.c.h; name = importgl.h; path = jni/importgl.h; sourceTree = "<group>"; };
		FCE2DF0F122C09AB005D610E /* Default.png */ = {isa = PBXFileReference; lastKnownFileType = image.png; path = Default.png; sourceTree = "<group>"; };
		FCFD43DF121BBEFD00A65BCF /* MemoryLeak-Info.plist */ = {isa = PBXFileReference; fileEncoding = 4; lastKnownFileType = text.plist.xml; path = "MemoryLeak-Info.plist"; sourceTree = "<group>"; };
		FCFD71AE121E95C800C8F382 /* libpthread.dylib */ = {isa = PBXFileReference; lastKnownFileType = "compiled.mach-o.dylib"; name = libpthread.dylib; path = usr/lib/libpthread.dylib; sourceTree = SDKROOT; };
		FCFECB6311EC0D2000BBBE2A /* OpenGLES.framework */ = {isa = PBXFileReference; lastKnownFileType = wrapper.framework; name = OpenGLES.framework; path = System/Library/Frameworks/OpenGLES.framework; sourceTree = SDKROOT; };
		FCFECB6B11EC0D5200BBBE2A /* QuartzCore.framework */ = {isa = PBXFileReference; lastKnownFileType = wrapper.framework; name = QuartzCore.framework; path = System/Library/Frameworks/QuartzCore.framework; sourceTree = SDKROOT; };
/* End PBXFileReference section */

/* Begin PBXFrameworksBuildPhase section */
		1D60588F0D05DD3D006BFB54 /* Frameworks */ = {
			isa = PBXFrameworksBuildPhase;
			buildActionMask = 2147483647;
			files = (
				FCFECB6411EC0D2000BBBE2A /* OpenGLES.framework in Frameworks */,
				FCFECB6C11EC0D5200BBBE2A /* QuartzCore.framework in Frameworks */,
				FCA06F0811EDD6BB00FE4BFA /* UIKit.framework in Frameworks */,
				FCA06F0C11EDD6D100FE4BFA /* Foundation.framework in Frameworks */,
				FCB14CC712001DFB0010E756 /* CoreGraphics.framework in Frameworks */,
				FCFD71AF121E95C800C8F382 /* libpthread.dylib in Frameworks */,
			);
			runOnlyForDeploymentPostprocessing = 0;
		};
/* End PBXFrameworksBuildPhase section */

/* Begin PBXGroup section */
		19C28FACFE9D520D11CA2CBB /* Products */ = {
			isa = PBXGroup;
			children = (
				1D6058910D05DD3D006BFB54 /* RaptorIsland.app */,
			);
			name = Products;
			sourceTree = "<group>";
		};
		29B97314FDCFA39411CA2CEA /* CustomTemplate */ = {
			isa = PBXGroup;
			children = (
				FC38F766123DABB50036678B /* assets */,
				FCFD43EE121BBF4F00A65BCF /* Etc */,
				FCBE418D1216835400A60972 /* Game */,
				FCBE41401216807900A60972 /* Classes */,
				29B97323FDCFA39411CA2CEA /* Frameworks */,
				19C28FACFE9D520D11CA2CBB /* Products */,
			);
			name = CustomTemplate;
			sourceTree = "<group>";
		};
		29B97323FDCFA39411CA2CEA /* Frameworks */ = {
			isa = PBXGroup;
			children = (
				FCFECB6311EC0D2000BBBE2A /* OpenGLES.framework */,
				FCFECB6B11EC0D5200BBBE2A /* QuartzCore.framework */,
				FCA06F0711EDD6BB00FE4BFA /* UIKit.framework */,
				FCA06F0B11EDD6D100FE4BFA /* Foundation.framework */,
				FCB14CC612001DFB0010E756 /* CoreGraphics.framework */,
				FCFD71AE121E95C800C8F382 /* libpthread.dylib */,
			);
			name = Frameworks;
			sourceTree = "<group>";
		};
		FC39976F1242C16E008E614D /* OpenSteer */ = {
			isa = PBXGroup;
			children = (
				FC3998261242C56C008E614D /* Draw.cpp */,
				FC39980D1242C4BC008E614D /* Draw.h */,
				FC3997701242C16E008E614D /* AbstractVehicle.h */,
				FC3997711242C16E008E614D /* Annotation.h */,
				FC3997721242C16E008E614D /* Camera.cpp */,
				FC3997731242C16E008E614D /* Camera.h */,
				FC3997751242C16E008E614D /* Clock.cpp */,
				FC3997761242C16E008E614D /* Clock.h */,
				FC3997771242C16E008E614D /* Color.cpp */,
				FC3997781242C16E008E614D /* Color.h */,
				FC39977C1242C16E008E614D /* LocalSpace.h */,
				FC39977D1242C16E008E614D /* lq.c */,
				FC39977E1242C16E008E614D /* lq.h */,
				FC3997801242C16E008E614D /* Obstacle.cpp */,
				FC3997811242C16E008E614D /* Obstacle.h */,
				FC3997821242C16E008E614D /* OldPathway.cpp */,
				FC3997831242C16E008E614D /* OldPathway.h */,
				FC3997841242C16E008E614D /* OpenSteerDemo.h */,
				FC3997851242C16E008E614D /* Path.cpp */,
				FC3997861242C16E008E614D /* Path.h */,
				FC3997871242C16E008E614D /* Pathway.cpp */,
				FC3997881242C16E008E614D /* Pathway.h */,
				FC3997891242C16E008E614D /* PlugIn.cpp */,
				FC39978A1242C16E008E614D /* PlugIn.h */,
				FC39978B1242C16E008E614D /* PolylineSegmentedPath.cpp */,
				FC39978C1242C16E008E614D /* PolylineSegmentedPath.h */,
				FC39978D1242C16E008E614D /* PolylineSegmentedPathwaySegmentRadii.cpp */,
				FC39978E1242C16E008E614D /* PolylineSegmentedPathwaySegmentRadii.h */,
				FC39978F1242C16E008E614D /* PolylineSegmentedPathwaySingleRadius.cpp */,
				FC3997901242C16E008E614D /* PolylineSegmentedPathwaySingleRadius.h */,
				FC3997911242C16E008E614D /* Proximity.h */,
				FC3997921242C16E008E614D /* QueryPathAlike.h */,
				FC3997931242C16E008E614D /* QueryPathAlikeBaseDataExtractionPolicies.h */,
				FC3997941242C16E008E614D /* QueryPathAlikeMappings.h */,
				FC3997951242C16E008E614D /* QueryPathAlikeUtilities.h */,
				FC3997961242C16E008E614D /* SegmentedPath.cpp */,
				FC3997971242C16E008E614D /* SegmentedPath.h */,
				FC3997981242C16E008E614D /* SegmentedPathAlikeUtilities.h */,
				FC3997991242C16E008E614D /* SegmentedPathway.cpp */,
				FC39979A1242C16E008E614D /* SegmentedPathway.h */,
				FC39979B1242C16E008E614D /* SharedPointer.h */,
				FC39979C1242C16E008E614D /* SimpleVehicle.cpp */,
				FC39979D1242C16E008E614D /* SimpleVehicle.h */,
				FC39979E1242C16E008E614D /* StandardTypes.h */,
				FC39979F1242C16E008E614D /* SteerLibrary.h */,
				FC3997A01242C16E008E614D /* TerrainRayTest.cpp */,
				FC3997A11242C16E008E614D /* TerrainRayTest.h */,
				FC3997A21242C16E008E614D /* UnusedParameter.h */,
				FC3997A31242C16E008E614D /* Utilities.h */,
				FC3997A41242C16E008E614D /* Vec3.cpp */,
				FC3997A51242C16E008E614D /* Vec3.h */,
				FC3997A61242C16E008E614D /* Vec3Utilities.cpp */,
				FC3997A71242C16E008E614D /* Vec3Utilities.h */,
			);
			name = OpenSteer;
			path = jni/OpenSteer;
			sourceTree = "<group>";
		};
		FCBE41401216807900A60972 /* Classes */ = {
			isa = PBXGroup;
			children = (
				FCBE41411216807900A60972 /* EAGLView.h */,
				FCBE41421216807900A60972 /* EAGLView.mm */,
				FCBE41431216807900A60972 /* importgl.h */,
				FCBE41441216807900A60972 /* MemoryLeakAppDelegate.h */,
				FCBE41451216807900A60972 /* MemoryLeakAppDelegate.mm */,
			);
			name = Classes;
			path = iPhone/Classes;
			sourceTree = "<group>";
		};
		FCBE418D1216835400A60972 /* Game */ = {
			isa = PBXGroup;
			children = (
				FC08350D126F925600D509E2 /* MemoryLeak.h */,
				FC08345F126F88F100D509E2 /* RunAndJump.cpp */,
				FC083460126F88F100D509E2 /* RunAndJump.h */,
				FC8771DA124B2FD30028EB2C /* MachineGun.cpp */,
				FC8771DB124B2FD30028EB2C /* MachineGun.h */,
				FC8138D0124415C00027435E /* Globals.h */,
				FC8137481243F3840027435E /* CaptureTheFlag.h */,
				FC8138B6124413590027435E /* CaptureTheFlag.cpp */,
				FC39976F1242C16E008E614D /* OpenSteer */,
				FC10A9C2123C5F6A002A6142 /* RaptorIsland.cpp */,
				FC10A9C3123C5F6A002A6142 /* RaptorIsland.h */,
				FC10A985123C502F002A6142 /* foo.h */,
				FCBE417C121681C600A60972 /* importgl.h */,
				FCBE41621216811B00A60972 /* Engine.h */,
				FCBE41611216811B00A60972 /* Engine.cpp */,
				FCBE41641216811B00A60972 /* MD2_Config.h */,
				FCBE41651216811B00A60972 /* MD2_File.cpp */,
				FCBE41661216811B00A60972 /* MD2_File.h */,
				FCBE41671216811B00A60972 /* MD2_Manager.cpp */,
				FCBE41681216811B00A60972 /* MD2_Manager.h */,
				FCBE41691216811B00A60972 /* MD2_Model.cpp */,
				FCBE416A1216811B00A60972 /* MD2_Model.h */,
				FCBE416B1216811B00A60972 /* OpenGLCommon.h */,
				FCBE416C1216811B00A60972 /* Platform.h */,
				FCBE416D1216811B00A60972 /* Player.h */,
			);
			name = Game;
			sourceTree = "<group>";
		};
		FCFD43EE121BBF4F00A65BCF /* Etc */ = {
			isa = PBXGroup;
			children = (
				FCE2DF0F122C09AB005D610E /* Default.png */,
				FCFD43DF121BBEFD00A65BCF /* MemoryLeak-Info.plist */,
				FCBE41471216807900A60972 /* MainWindow.xib */,
				FCBE41461216807900A60972 /* main.mm */,
			);
			name = Etc;
			sourceTree = "<group>";
		};
/* End PBXGroup section */

/* Begin PBXNativeTarget section */
		1D6058900D05DD3D006BFB54 /* MemoryLeak */ = {
			isa = PBXNativeTarget;
			buildConfigurationList = 1D6058960D05DD3E006BFB54 /* Build configuration list for PBXNativeTarget "MemoryLeak" */;
			buildPhases = (
				1D60588D0D05DD3D006BFB54 /* Resources */,
				1D60588E0D05DD3D006BFB54 /* Sources */,
				1D60588F0D05DD3D006BFB54 /* Frameworks */,
			);
			buildRules = (
			);
			dependencies = (
			);
			name = MemoryLeak;
			productName = MemoryLeak;
			productReference = 1D6058910D05DD3D006BFB54 /* RaptorIsland.app */;
			productType = "com.apple.product-type.application";
		};
/* End PBXNativeTarget section */

/* Begin PBXProject section */
		29B97313FDCFA39411CA2CEA /* Project object */ = {
			isa = PBXProject;
			buildConfigurationList = C01FCF4E08A954540054247B /* Build configuration list for PBXProject "MemoryLeak" */;
			compatibilityVersion = "Xcode 3.1";
			developmentRegion = English;
			hasScannedForEncodings = 1;
			knownRegions = (
				English,
				Japanese,
				French,
				German,
			);
			mainGroup = 29B97314FDCFA39411CA2CEA /* CustomTemplate */;
			projectDirPath = "";
			projectRoot = "";
			targets = (
				1D6058900D05DD3D006BFB54 /* MemoryLeak */,
			);
		};
/* End PBXProject section */

/* Begin PBXResourcesBuildPhase section */
		1D60588D0D05DD3D006BFB54 /* Resources */ = {
			isa = PBXResourcesBuildPhase;
			buildActionMask = 2147483647;
			files = (
				FCBE414D1216807A00A60972 /* MainWindow.xib in Resources */,
				FCE2DF10122C09AB005D610E /* Default.png in Resources */,
				FC38F783123DABB50036678B /* assets in Resources */,
			);
			runOnlyForDeploymentPostprocessing = 0;
		};
/* End PBXResourcesBuildPhase section */

/* Begin PBXSourcesBuildPhase section */
		1D60588E0D05DD3D006BFB54 /* Sources */ = {
			isa = PBXSourcesBuildPhase;
			buildActionMask = 2147483647;
			files = (
				FCB1F7A2123E40F700BA41ED /* MemoryLeakAppDelegate.mm in Sources */,
				FCB1F7AD123E412100BA41ED /* Engine.cpp in Sources */,
				FCB1F7AE123E412200BA41ED /* MD2_File.cpp in Sources */,
				FCB1F7AF123E412300BA41ED /* MD2_Manager.cpp in Sources */,
				FCB1F7B0123E412400BA41ED /* MD2_Model.cpp in Sources */,
				FCB1F7B1123E412500BA41ED /* RaptorIsland.cpp in Sources */,
				FCB1F7B2123E412900BA41ED /* main.mm in Sources */,
				FCB1F7B5123E413000BA41ED /* EAGLView.mm in Sources */,
				FC3997A91242C16E008E614D /* Clock.cpp in Sources */,
				FC3997AA1242C16E008E614D /* Color.cpp in Sources */,
				FC3997AC1242C16E008E614D /* lq.c in Sources */,
				FC3997AE1242C16E008E614D /* Obstacle.cpp in Sources */,
				FC3997AF1242C16E008E614D /* OldPathway.cpp in Sources */,
				FC3997B01242C16E008E614D /* Path.cpp in Sources */,
				FC3997B11242C16E008E614D /* Pathway.cpp in Sources */,
				FC3997B21242C16E008E614D /* PlugIn.cpp in Sources */,
				FC3997B61242C16E008E614D /* SegmentedPath.cpp in Sources */,
				FC3997B71242C16E008E614D /* SegmentedPathway.cpp in Sources */,
				FC3997B81242C16E008E614D /* SimpleVehicle.cpp in Sources */,
				FC3997B91242C16E008E614D /* TerrainRayTest.cpp in Sources */,
				FC3997BA1242C16E008E614D /* Vec3.cpp in Sources */,
				FC3997BB1242C16E008E614D /* Vec3Utilities.cpp in Sources */,
				FC8138B7124413590027435E /* CaptureTheFlag.cpp in Sources */,
				FC8771DC124B2FD30028EB2C /* MachineGun.cpp in Sources */,
				FC083461126F88F100D509E2 /* RunAndJump.cpp in Sources */,
			);
			runOnlyForDeploymentPostprocessing = 0;
		};
/* End PBXSourcesBuildPhase section */

/* Begin XCBuildConfiguration section */
		1D6058940D05DD3E006BFB54 /* Debug */ = {
			isa = XCBuildConfiguration;
			buildSettings = {
				ALWAYS_SEARCH_USER_PATHS = NO;
				"CODE_SIGN_IDENTITY[sdk=iphoneos*]" = "iPhone Developer: Jon Bardin (W6CH2N775F)";
				COMPRESS_PNG_FILES = NO;
				COPY_PHASE_STRIP = NO;
				GCC_DYNAMIC_NO_PIC = NO;
				GCC_OPTIMIZATION_LEVEL = 0;
				GCC_PRECOMPILE_PREFIX_HEADER = YES;
				GCC_PREFIX_HEADER = "";
				GCC_THUMB_SUPPORT = NO;
				"GCC_THUMB_SUPPORT[arch=armv6]" = NO;
				GCC_TREAT_IMPLICIT_FUNCTION_DECLARATIONS_AS_ERRORS = YES;
				GCC_VERSION = com.apple.compilers.llvmgcc42;
				GCC_WARN_ABOUT_GLOBAL_CONSTRUCTORS = NO;
				GCC_WARN_ABOUT_MISSING_PROTOTYPES = YES;
				GCC_WARN_CHECK_SWITCH_STATEMENTS = YES;
				GCC_WARN_EFFECTIVE_CPLUSPLUS_VIOLATIONS = NO;
				GCC_WARN_FOUR_CHARACTER_CONSTANTS = YES;
				GCC_WARN_HIDDEN_VIRTUAL_FUNCTIONS = NO;
				GCC_WARN_INITIALIZER_NOT_FULLY_BRACKETED = YES;
				GCC_WARN_MISSING_PARENTHESES = YES;
				GCC_WARN_NON_VIRTUAL_DESTRUCTOR = NO;
				GCC_WARN_SHADOW = YES;
				GCC_WARN_UNUSED_FUNCTION = YES;
				GCC_WARN_UNUSED_PARAMETER = NO;
				GCC_WARN_UNUSED_VALUE = YES;
				HEADER_SEARCH_PATHS = "$(SRCROOT)/jni/";
				INFOPLIST_FILE = "MemoryLeak-Info.plist";
				IPHONEOS_DEPLOYMENT_TARGET = 3.0;
				ONLY_ACTIVE_ARCH = YES;
				PRODUCT_NAME = RaptorIsland;
				"PROVISIONING_PROFILE[sdk=iphoneos*]" = "D9B4C504-2C04-4AC8-B456-6644935F0A4D";
				RUN_CLANG_STATIC_ANALYZER = YES;
				TARGETED_DEVICE_FAMILY = 1;
			};
			name = Debug;
		};
		1D6058950D05DD3E006BFB54 /* Release */ = {
			isa = XCBuildConfiguration;
			buildSettings = {
				ALWAYS_SEARCH_USER_PATHS = NO;
				COMPRESS_PNG_FILES = NO;
				COPY_PHASE_STRIP = NO;
				GCC_PRECOMPILE_PREFIX_HEADER = YES;
				GCC_PREFIX_HEADER = MemoryLeak_Prefix.pch;
				"GCC_THUMB_SUPPORT[arch=armv6]" = "";
				GCC_VERSION = com.apple.compilers.llvmgcc42;
				INFOPLIST_FILE = "MemoryLeak-Info.plist";
				IPHONEOS_DEPLOYMENT_TARGET = 3.0;
				PRODUCT_NAME = RaptorIsland;
				TARGETED_DEVICE_FAMILY = 1;
			};
			name = Release;
		};
		C01FCF4F08A954540054247B /* Debug */ = {
			isa = XCBuildConfiguration;
			buildSettings = {
				ARCHS = "$(ARCHS_STANDARD_32_BIT)";
				"CODE_SIGN_IDENTITY[sdk=iphoneos*]" = "iPhone Developer";
				GCC_C_LANGUAGE_STANDARD = c99;
				GCC_VERSION = com.apple.compilers.llvmgcc42;
				GCC_WARN_ABOUT_RETURN_TYPE = YES;
				GCC_WARN_UNUSED_VARIABLE = YES;
				PREBINDING = NO;
				SDKROOT = iphoneos4.1;
			};
			name = Debug;
		};
		C01FCF5008A954540054247B /* Release */ = {
			isa = XCBuildConfiguration;
			buildSettings = {
				ARCHS = "$(ARCHS_STANDARD_32_BIT)";
				"CODE_SIGN_IDENTITY[sdk=iphoneos*]" = "iPhone Developer";
				GCC_C_LANGUAGE_STANDARD = c99;
				GCC_WARN_ABOUT_RETURN_TYPE = YES;
				GCC_WARN_UNUSED_VARIABLE = YES;
				PREBINDING = NO;
				SDKROOT = iphoneos4.1;
			};
			name = Release;
		};
/* End XCBuildConfiguration section */

/* Begin XCConfigurationList section */
		1D6058960D05DD3E006BFB54 /* Build configuration list for PBXNativeTarget "MemoryLeak" */ = {
			isa = XCConfigurationList;
			buildConfigurations = (
				1D6058940D05DD3E006BFB54 /* Debug */,
				1D6058950D05DD3E006BFB54 /* Release */,
			);
			defaultConfigurationIsVisible = 0;
			defaultConfigurationName = Release;
		};
		C01FCF4E08A954540054247B /* Build configuration list for PBXProject "MemoryLeak" */ = {
			isa = XCConfigurationList;
			buildConfigurations = (
				C01FCF4F08A954540054247B /* Debug */,
				C01FCF5008A954540054247B /* Release */,
			);
			defaultConfigurationIsVisible = 0;
			defaultConfigurationName = Release;
		};
/* End XCConfigurationList section */
	};
	rootObject = 29B97313FDCFA39411CA2CEA /* Project object */;
}
