// !$*UTF8*$!
{
	archiveVersion = 1;
	classes = {
	};
	objectVersion = 46;
	objects = {

/* Begin PBXBuildFile section */
		C21B2B9E1659E618005EEE4E /* Default-568h@2x.png in Resources */ = {isa = PBXBuildFile; fileRef = C21B2B9D1659E618005EEE4E /* Default-568h@2x.png */; };
		C23348D415827CA800F64C5E /* StateFoo.cpp in Sources */ = {isa = PBXBuildFile; fileRef = C23348D215827CA800F64C5E /* StateFoo.cpp */; };
		C251C68E158EF4CE00750D11 /* MainWindow-iPad.xib in Resources */ = {isa = PBXBuildFile; fileRef = C251C68D158EF4CE00750D11 /* MainWindow-iPad.xib */; };
		C2E2EC991542A4770069C210 /* pnglite.c in Sources */ = {isa = PBXBuildFile; fileRef = C2E2EC971542A4760069C210 /* pnglite.c */; };
		FC03727E13E7E4E600250EB2 /* MediaPlayer.framework in Frameworks */ = {isa = PBXBuildFile; fileRef = FC03727D13E7E4E600250EB2 /* MediaPlayer.framework */; };
		FC10A322129E3EB70056E630 /* micropather.cpp in Sources */ = {isa = PBXBuildFile; fileRef = FC10A31E129E3EB70056E630 /* micropather.cpp */; };
		FC14176B1285413100166578 /* EAGLView.mm in Sources */ = {isa = PBXBuildFile; fileRef = FC1417631285413100166578 /* EAGLView.mm */; };
		FC14176C1285413100166578 /* MemoryLeakAppDelegate.m in Sources */ = {isa = PBXBuildFile; fileRef = FC1417651285413100166578 /* MemoryLeakAppDelegate.m */; };
		FC14176D1285413100166578 /* Default.png in Resources */ = {isa = PBXBuildFile; fileRef = FC1417661285413100166578 /* Default.png */; };
		FC14176E1285413100166578 /* main.mm in Sources */ = {isa = PBXBuildFile; fileRef = FC1417671285413100166578 /* main.mm */; };
		FC14176F1285413100166578 /* MainWindow.xib in Resources */ = {isa = PBXBuildFile; fileRef = FC1417681285413100166578 /* MainWindow.xib */; };
		FC141B6C1285415900166578 /* ConvertUTF.c in Sources */ = {isa = PBXBuildFile; fileRef = FC14188E1285415800166578 /* ConvertUTF.c */; };
		FC141BFD1285415900166578 /* ioapi.c in Sources */ = {isa = PBXBuildFile; fileRef = FC14198E1285415900166578 /* ioapi.c */; };
		FC141BFF1285415900166578 /* unzip.c in Sources */ = {isa = PBXBuildFile; fileRef = FC1419911285415900166578 /* unzip.c */; };
		FC141C011285415900166578 /* adler32.c in Sources */ = {isa = PBXBuildFile; fileRef = FC1419951285415900166578 /* adler32.c */; };
		FC141C031285415900166578 /* compress.c in Sources */ = {isa = PBXBuildFile; fileRef = FC1419971285415900166578 /* compress.c */; };
		FC141C051285415900166578 /* crc32.c in Sources */ = {isa = PBXBuildFile; fileRef = FC1419991285415900166578 /* crc32.c */; };
		FC141C071285415900166578 /* deflate.c in Sources */ = {isa = PBXBuildFile; fileRef = FC14199C1285415900166578 /* deflate.c */; };
		FC141C091285415900166578 /* inffast.c in Sources */ = {isa = PBXBuildFile; fileRef = FC14199F1285415900166578 /* inffast.c */; };
		FC141C0B1285415900166578 /* inflate.c in Sources */ = {isa = PBXBuildFile; fileRef = FC1419A31285415900166578 /* inflate.c */; };
		FC141C0D1285415900166578 /* inftrees.c in Sources */ = {isa = PBXBuildFile; fileRef = FC1419A61285415900166578 /* inftrees.c */; };
		FC141C101285415900166578 /* trees.c in Sources */ = {isa = PBXBuildFile; fileRef = FC1419AA1285415900166578 /* trees.c */; };
		FC141C121285415900166578 /* zutil.c in Sources */ = {isa = PBXBuildFile; fileRef = FC1419B01285415900166578 /* zutil.c */; };
		FC141C151285415900166578 /* Engine.cpp in Sources */ = {isa = PBXBuildFile; fileRef = FC1419B41285415900166578 /* Engine.cpp */; };
		FC141C571285429700166578 /* assets in Resources */ = {isa = PBXBuildFile; fileRef = FC141C4A1285429700166578 /* assets */; };
		FC6D4CA213A459D000DE1200 /* SuperStarShooter.cpp in Sources */ = {isa = PBXBuildFile; fileRef = FC6D4C9F13A459D000DE1200 /* SuperStarShooter.cpp */; };
		FC8A93F012C9D8EB006E9C83 /* SpriteGun.cpp in Sources */ = {isa = PBXBuildFile; fileRef = FC8A93EE12C9D8EB006E9C83 /* SpriteGun.cpp */; };
		FC8BE42013B12C5600EAA5EE /* fastmix.cpp in Sources */ = {isa = PBXBuildFile; fileRef = FC8BE41F13B12C5600EAA5EE /* fastmix.cpp */; };
		FCA06F0811EDD6BB00FE4BFA /* UIKit.framework in Frameworks */ = {isa = PBXBuildFile; fileRef = FCA06F0711EDD6BB00FE4BFA /* UIKit.framework */; };
		FCA06F0C11EDD6D100FE4BFA /* Foundation.framework in Frameworks */ = {isa = PBXBuildFile; fileRef = FCA06F0B11EDD6D100FE4BFA /* Foundation.framework */; };
		FCAB716214E264F4008A34BC /* Audio.mm in Sources */ = {isa = PBXBuildFile; fileRef = FCAB716014E264F4008A34BC /* Audio.mm */; };
		FCDE089712D924A3004CE9B7 /* load_it.cpp in Sources */ = {isa = PBXBuildFile; fileRef = FCDE087312D924A3004CE9B7 /* load_it.cpp */; };
		FCDE089C12D924A3004CE9B7 /* load_mod.cpp in Sources */ = {isa = PBXBuildFile; fileRef = FCDE087812D924A3004CE9B7 /* load_mod.cpp */; };
		FCDE08A312D924A3004CE9B7 /* load_s3m.cpp in Sources */ = {isa = PBXBuildFile; fileRef = FCDE088012D924A3004CE9B7 /* load_s3m.cpp */; };
		FCDE08A712D924A3004CE9B7 /* load_wav.cpp in Sources */ = {isa = PBXBuildFile; fileRef = FCDE088412D924A3004CE9B7 /* load_wav.cpp */; };
		FCDE08A812D924A3004CE9B7 /* load_xm.cpp in Sources */ = {isa = PBXBuildFile; fileRef = FCDE088512D924A3004CE9B7 /* load_xm.cpp */; };
		FCDE08A912D924A3004CE9B7 /* mmcmp.cpp in Sources */ = {isa = PBXBuildFile; fileRef = FCDE088612D924A3004CE9B7 /* mmcmp.cpp */; };
		FCDE08AA12D924A3004CE9B7 /* modplug.cpp in Sources */ = {isa = PBXBuildFile; fileRef = FCDE088712D924A3004CE9B7 /* modplug.cpp */; };
		FCDE08AB12D924A3004CE9B7 /* snd_dsp.cpp in Sources */ = {isa = PBXBuildFile; fileRef = FCDE088812D924A3004CE9B7 /* snd_dsp.cpp */; };
		FCDE08AC12D924A3004CE9B7 /* snd_flt.cpp in Sources */ = {isa = PBXBuildFile; fileRef = FCDE088912D924A3004CE9B7 /* snd_flt.cpp */; };
		FCDE08AD12D924A3004CE9B7 /* snd_fx.cpp in Sources */ = {isa = PBXBuildFile; fileRef = FCDE088A12D924A3004CE9B7 /* snd_fx.cpp */; };
		FCDE08AE12D924A3004CE9B7 /* sndfile.cpp in Sources */ = {isa = PBXBuildFile; fileRef = FCDE088B12D924A3004CE9B7 /* sndfile.cpp */; };
		FCDE08AF12D924A3004CE9B7 /* sndmix.cpp in Sources */ = {isa = PBXBuildFile; fileRef = FCDE088C12D924A3004CE9B7 /* sndmix.cpp */; };
		FCDE095112D92F17004CE9B7 /* AudioToolbox.framework in Frameworks */ = {isa = PBXBuildFile; fileRef = FCDE095012D92F17004CE9B7 /* AudioToolbox.framework */; };
		FCDFB0E212B1A7B400A0B4E1 /* AtlasSprite.cpp in Sources */ = {isa = PBXBuildFile; fileRef = FCDFB0E112B1A7B400A0B4E1 /* AtlasSprite.cpp */; };
		FCF8913313E8AA3900AFEB8E /* Entitlements.plist in Resources */ = {isa = PBXBuildFile; fileRef = FCF8913213E8AA3900AFEB8E /* Entitlements.plist */; };
		FCFECB6411EC0D2000BBBE2A /* OpenGLES.framework in Frameworks */ = {isa = PBXBuildFile; fileRef = FCFECB6311EC0D2000BBBE2A /* OpenGLES.framework */; };
		FCFECB6C11EC0D5200BBBE2A /* QuartzCore.framework in Frameworks */ = {isa = PBXBuildFile; fileRef = FCFECB6B11EC0D5200BBBE2A /* QuartzCore.framework */; };
/* End PBXBuildFile section */

/* Begin PBXFileReference section */
		1D6058910D05DD3D006BFB54 /* RaptorIsland.app */ = {isa = PBXFileReference; explicitFileType = wrapper.application; includeInIndex = 0; path = RaptorIsland.app; sourceTree = BUILT_PRODUCTS_DIR; };
		C21B2B9D1659E618005EEE4E /* Default-568h@2x.png */ = {isa = PBXFileReference; lastKnownFileType = image.png; path = "Default-568h@2x.png"; sourceTree = "<group>"; };
		C23348D215827CA800F64C5E /* StateFoo.cpp */ = {isa = PBXFileReference; fileEncoding = 4; lastKnownFileType = sourcecode.cpp.cpp; path = StateFoo.cpp; sourceTree = "<group>"; };
		C23348D315827CA800F64C5E /* StateFoo.h */ = {isa = PBXFileReference; fileEncoding = 4; lastKnownFileType = sourcecode.c.h; path = StateFoo.h; sourceTree = "<group>"; };
		C251C68D158EF4CE00750D11 /* MainWindow-iPad.xib */ = {isa = PBXFileReference; lastKnownFileType = file.xib; name = "MainWindow-iPad.xib"; path = "iPad/MainWindow-iPad.xib"; sourceTree = "<group>"; };
		C2E2EC961542A4760069C210 /* FileHandle.h */ = {isa = PBXFileReference; fileEncoding = 4; lastKnownFileType = sourcecode.c.h; path = FileHandle.h; sourceTree = "<group>"; };
		C2E2EC971542A4760069C210 /* pnglite.c */ = {isa = PBXFileReference; fileEncoding = 4; lastKnownFileType = sourcecode.c.c; path = pnglite.c; sourceTree = "<group>"; };
		C2E2EC981542A4760069C210 /* pnglite.h */ = {isa = PBXFileReference; fileEncoding = 4; lastKnownFileType = sourcecode.c.h; path = pnglite.h; sourceTree = "<group>"; };
		FC03727D13E7E4E600250EB2 /* MediaPlayer.framework */ = {isa = PBXFileReference; lastKnownFileType = wrapper.framework; name = MediaPlayer.framework; path = System/Library/Frameworks/MediaPlayer.framework; sourceTree = SDKROOT; };
		FC10A31E129E3EB70056E630 /* micropather.cpp */ = {isa = PBXFileReference; fileEncoding = 4; lastKnownFileType = sourcecode.cpp.cpp; path = micropather.cpp; sourceTree = "<group>"; };
		FC10A31F129E3EB70056E630 /* micropather.h */ = {isa = PBXFileReference; fileEncoding = 4; lastKnownFileType = sourcecode.c.h; path = micropather.h; sourceTree = "<group>"; };
		FC1417621285413100166578 /* EAGLView.h */ = {isa = PBXFileReference; fileEncoding = 4; lastKnownFileType = sourcecode.c.h; path = EAGLView.h; sourceTree = "<group>"; };
		FC1417631285413100166578 /* EAGLView.mm */ = {isa = PBXFileReference; fileEncoding = 4; lastKnownFileType = sourcecode.cpp.objcpp; path = EAGLView.mm; sourceTree = "<group>"; };
		FC1417641285413100166578 /* MemoryLeakAppDelegate.h */ = {isa = PBXFileReference; fileEncoding = 4; lastKnownFileType = sourcecode.c.h; path = MemoryLeakAppDelegate.h; sourceTree = "<group>"; };
		FC1417651285413100166578 /* MemoryLeakAppDelegate.m */ = {isa = PBXFileReference; fileEncoding = 4; lastKnownFileType = sourcecode.c.objc; path = MemoryLeakAppDelegate.m; sourceTree = "<group>"; };
		FC1417661285413100166578 /* Default.png */ = {isa = PBXFileReference; lastKnownFileType = image.png; path = Default.png; sourceTree = "<group>"; };
		FC1417671285413100166578 /* main.mm */ = {isa = PBXFileReference; fileEncoding = 4; lastKnownFileType = sourcecode.cpp.objcpp; path = main.mm; sourceTree = "<group>"; };
		FC1417681285413100166578 /* MainWindow.xib */ = {isa = PBXFileReference; lastKnownFileType = file.xib; path = MainWindow.xib; sourceTree = "<group>"; };
		FC1417691285413100166578 /* MemoryLeak_Prefix.pch */ = {isa = PBXFileReference; fileEncoding = 4; lastKnownFileType = sourcecode.c.h; path = MemoryLeak_Prefix.pch; sourceTree = "<group>"; };
		FC14176A1285413100166578 /* MemoryLeak-Info.plist */ = {isa = PBXFileReference; fileEncoding = 4; lastKnownFileType = text.plist.xml; path = "MemoryLeak-Info.plist"; sourceTree = "<group>"; };
		FC14188E1285415800166578 /* ConvertUTF.c */ = {isa = PBXFileReference; fileEncoding = 4; lastKnownFileType = sourcecode.c.c; path = ConvertUTF.c; sourceTree = "<group>"; };
		FC14188F1285415800166578 /* ConvertUTF.h */ = {isa = PBXFileReference; fileEncoding = 4; lastKnownFileType = sourcecode.c.h; path = ConvertUTF.h; sourceTree = "<group>"; };
		FC1418901285415800166578 /* ConvertUTF.o */ = {isa = PBXFileReference; lastKnownFileType = "compiled.mach-o.objfile"; path = ConvertUTF.o; sourceTree = "<group>"; };
		FC1418911285415800166578 /* readme.txt */ = {isa = PBXFileReference; fileEncoding = 4; lastKnownFileType = text; path = readme.txt; sourceTree = "<group>"; };
		FC1419811285415900166578 /* cppunit_note.txt */ = {isa = PBXFileReference; fileEncoding = 4; lastKnownFileType = text; path = cppunit_note.txt; sourceTree = "<group>"; };
		FC14198D1285415900166578 /* crypt.h */ = {isa = PBXFileReference; fileEncoding = 4; lastKnownFileType = sourcecode.c.h; path = crypt.h; sourceTree = "<group>"; };
		FC14198E1285415900166578 /* ioapi.c */ = {isa = PBXFileReference; fileEncoding = 4; lastKnownFileType = sourcecode.c.c; path = ioapi.c; sourceTree = "<group>"; };
		FC14198F1285415900166578 /* ioapi.h */ = {isa = PBXFileReference; fileEncoding = 4; lastKnownFileType = sourcecode.c.h; path = ioapi.h; sourceTree = "<group>"; };
		FC1419901285415900166578 /* ioapi.o */ = {isa = PBXFileReference; lastKnownFileType = "compiled.mach-o.objfile"; path = ioapi.o; sourceTree = "<group>"; };
		FC1419911285415900166578 /* unzip.c */ = {isa = PBXFileReference; fileEncoding = 4; lastKnownFileType = sourcecode.c.c; path = unzip.c; sourceTree = "<group>"; };
		FC1419921285415900166578 /* unzip.h */ = {isa = PBXFileReference; fileEncoding = 4; lastKnownFileType = sourcecode.c.h; path = unzip.h; sourceTree = "<group>"; };
		FC1419931285415900166578 /* unzip.o */ = {isa = PBXFileReference; lastKnownFileType = "compiled.mach-o.objfile"; path = unzip.o; sourceTree = "<group>"; };
		FC1419951285415900166578 /* adler32.c */ = {isa = PBXFileReference; fileEncoding = 4; lastKnownFileType = sourcecode.c.c; path = adler32.c; sourceTree = "<group>"; };
		FC1419961285415900166578 /* adler32.o */ = {isa = PBXFileReference; lastKnownFileType = "compiled.mach-o.objfile"; path = adler32.o; sourceTree = "<group>"; };
		FC1419971285415900166578 /* compress.c */ = {isa = PBXFileReference; fileEncoding = 4; lastKnownFileType = sourcecode.c.c; path = compress.c; sourceTree = "<group>"; };
		FC1419981285415900166578 /* compress.o */ = {isa = PBXFileReference; lastKnownFileType = "compiled.mach-o.objfile"; path = compress.o; sourceTree = "<group>"; };
		FC1419991285415900166578 /* crc32.c */ = {isa = PBXFileReference; fileEncoding = 4; lastKnownFileType = sourcecode.c.c; path = crc32.c; sourceTree = "<group>"; };
		FC14199A1285415900166578 /* crc32.h */ = {isa = PBXFileReference; fileEncoding = 4; lastKnownFileType = sourcecode.c.h; path = crc32.h; sourceTree = "<group>"; };
		FC14199B1285415900166578 /* crc32.o */ = {isa = PBXFileReference; lastKnownFileType = "compiled.mach-o.objfile"; path = crc32.o; sourceTree = "<group>"; };
		FC14199C1285415900166578 /* deflate.c */ = {isa = PBXFileReference; fileEncoding = 4; lastKnownFileType = sourcecode.c.c; path = deflate.c; sourceTree = "<group>"; };
		FC14199D1285415900166578 /* deflate.h */ = {isa = PBXFileReference; fileEncoding = 4; lastKnownFileType = sourcecode.c.h; path = deflate.h; sourceTree = "<group>"; };
		FC14199E1285415900166578 /* deflate.o */ = {isa = PBXFileReference; lastKnownFileType = "compiled.mach-o.objfile"; path = deflate.o; sourceTree = "<group>"; };
		FC14199F1285415900166578 /* inffast.c */ = {isa = PBXFileReference; fileEncoding = 4; lastKnownFileType = sourcecode.c.c; path = inffast.c; sourceTree = "<group>"; };
		FC1419A01285415900166578 /* inffast.h */ = {isa = PBXFileReference; fileEncoding = 4; lastKnownFileType = sourcecode.c.h; path = inffast.h; sourceTree = "<group>"; };
		FC1419A11285415900166578 /* inffast.o */ = {isa = PBXFileReference; lastKnownFileType = "compiled.mach-o.objfile"; path = inffast.o; sourceTree = "<group>"; };
		FC1419A21285415900166578 /* inffixed.h */ = {isa = PBXFileReference; fileEncoding = 4; lastKnownFileType = sourcecode.c.h; path = inffixed.h; sourceTree = "<group>"; };
		FC1419A31285415900166578 /* inflate.c */ = {isa = PBXFileReference; fileEncoding = 4; lastKnownFileType = sourcecode.c.c; path = inflate.c; sourceTree = "<group>"; };
		FC1419A41285415900166578 /* inflate.h */ = {isa = PBXFileReference; fileEncoding = 4; lastKnownFileType = sourcecode.c.h; path = inflate.h; sourceTree = "<group>"; };
		FC1419A51285415900166578 /* inflate.o */ = {isa = PBXFileReference; lastKnownFileType = "compiled.mach-o.objfile"; path = inflate.o; sourceTree = "<group>"; };
		FC1419A61285415900166578 /* inftrees.c */ = {isa = PBXFileReference; fileEncoding = 4; lastKnownFileType = sourcecode.c.c; path = inftrees.c; sourceTree = "<group>"; };
		FC1419A71285415900166578 /* inftrees.h */ = {isa = PBXFileReference; fileEncoding = 4; lastKnownFileType = sourcecode.c.h; path = inftrees.h; sourceTree = "<group>"; };
		FC1419A81285415900166578 /* inftrees.o */ = {isa = PBXFileReference; lastKnownFileType = "compiled.mach-o.objfile"; path = inftrees.o; sourceTree = "<group>"; };
		FC1419A91285415900166578 /* README */ = {isa = PBXFileReference; fileEncoding = 4; lastKnownFileType = text; path = README; sourceTree = "<group>"; };
		FC1419AA1285415900166578 /* trees.c */ = {isa = PBXFileReference; fileEncoding = 4; lastKnownFileType = sourcecode.c.c; path = trees.c; sourceTree = "<group>"; };
		FC1419AB1285415900166578 /* trees.h */ = {isa = PBXFileReference; fileEncoding = 4; lastKnownFileType = sourcecode.c.h; path = trees.h; sourceTree = "<group>"; };
		FC1419AC1285415900166578 /* trees.o */ = {isa = PBXFileReference; lastKnownFileType = "compiled.mach-o.objfile"; path = trees.o; sourceTree = "<group>"; };
		FC1419AD1285415900166578 /* zconf.h */ = {isa = PBXFileReference; fileEncoding = 4; lastKnownFileType = sourcecode.c.h; path = zconf.h; sourceTree = "<group>"; };
		FC1419AE1285415900166578 /* zconf.in.h */ = {isa = PBXFileReference; fileEncoding = 4; lastKnownFileType = sourcecode.c.h; path = zconf.in.h; sourceTree = "<group>"; };
		FC1419AF1285415900166578 /* zlib.h */ = {isa = PBXFileReference; fileEncoding = 4; lastKnownFileType = sourcecode.c.h; path = zlib.h; sourceTree = "<group>"; };
		FC1419B01285415900166578 /* zutil.c */ = {isa = PBXFileReference; fileEncoding = 4; lastKnownFileType = sourcecode.c.c; path = zutil.c; sourceTree = "<group>"; };
		FC1419B11285415900166578 /* zutil.h */ = {isa = PBXFileReference; fileEncoding = 4; lastKnownFileType = sourcecode.c.h; path = zutil.h; sourceTree = "<group>"; };
		FC1419B21285415900166578 /* zutil.o */ = {isa = PBXFileReference; lastKnownFileType = "compiled.mach-o.objfile"; path = zutil.o; sourceTree = "<group>"; };
		FC1419B31285415900166578 /* zlib_note.txt */ = {isa = PBXFileReference; fileEncoding = 4; lastKnownFileType = text; path = zlib_note.txt; sourceTree = "<group>"; };
		FC1419B41285415900166578 /* Engine.cpp */ = {isa = PBXFileReference; fileEncoding = 4; lastKnownFileType = sourcecode.cpp.cpp; path = Engine.cpp; sourceTree = "<group>"; };
		FC1419B51285415900166578 /* Engine.h */ = {isa = PBXFileReference; fileEncoding = 4; lastKnownFileType = sourcecode.c.h; path = Engine.h; sourceTree = "<group>"; };
		FC1419B61285415900166578 /* foo.h */ = {isa = PBXFileReference; fileEncoding = 4; lastKnownFileType = sourcecode.c.h; path = foo.h; sourceTree = "<group>"; };
		FC141A871285415900166578 /* MemoryLeak.h */ = {isa = PBXFileReference; fileEncoding = 4; lastKnownFileType = sourcecode.c.h; path = MemoryLeak.h; sourceTree = "<group>"; };
		FC141A8A1285415900166578 /* OpenGLCommon.h */ = {isa = PBXFileReference; fileEncoding = 4; lastKnownFileType = sourcecode.c.h; path = OpenGLCommon.h; sourceTree = "<group>"; };
		FC141C4A1285429700166578 /* assets */ = {isa = PBXFileReference; lastKnownFileType = folder; name = assets; path = ../../assets; sourceTree = SOURCE_ROOT; };
		FC5F1EB6129A13FD00E5F9FB /* array.h */ = {isa = PBXFileReference; fileEncoding = 4; lastKnownFileType = sourcecode.c.h; path = array.h; sourceTree = "<group>"; };
		FC5F1EB7129A13FD00E5F9FB /* array2d.h */ = {isa = PBXFileReference; fileEncoding = 4; lastKnownFileType = sourcecode.c.h; path = array2d.h; sourceTree = "<group>"; };
		FC5F1EB8129A13FD00E5F9FB /* numtraits.h */ = {isa = PBXFileReference; fileEncoding = 4; lastKnownFileType = sourcecode.c.h; path = numtraits.h; sourceTree = "<group>"; };
		FC5F1EB9129A13FD00E5F9FB /* octree.h */ = {isa = PBXFileReference; fileEncoding = 4; lastKnownFileType = sourcecode.c.h; path = octree.h; sourceTree = "<group>"; };
		FC5F1EBA129A13FD00E5F9FB /* octree.tcc */ = {isa = PBXFileReference; fileEncoding = 4; lastKnownFileType = sourcecode.cpp.cpp; path = octree.tcc; sourceTree = "<group>"; };
		FC5F1EBB129A13FD00E5F9FB /* point3d.h */ = {isa = PBXFileReference; fileEncoding = 4; lastKnownFileType = sourcecode.c.h; path = point3d.h; sourceTree = "<group>"; };
		FC5F1EBC129A13FD00E5F9FB /* shareddata.h */ = {isa = PBXFileReference; fileEncoding = 4; lastKnownFileType = sourcecode.c.h; path = shareddata.h; sourceTree = "<group>"; };
		FC5F1EBD129A13FD00E5F9FB /* tinyvector.h */ = {isa = PBXFileReference; fileEncoding = 4; lastKnownFileType = sourcecode.c.h; path = tinyvector.h; sourceTree = "<group>"; };
		FC6D4C9F13A459D000DE1200 /* SuperStarShooter.cpp */ = {isa = PBXFileReference; fileEncoding = 4; lastKnownFileType = sourcecode.cpp.cpp; path = SuperStarShooter.cpp; sourceTree = "<group>"; };
		FC6D4CA013A459D000DE1200 /* SuperStarShooter.h */ = {isa = PBXFileReference; fileEncoding = 4; lastKnownFileType = sourcecode.c.h; path = SuperStarShooter.h; sourceTree = "<group>"; };
		FC6D4D6713A46D1B00DE1200 /* Game.h */ = {isa = PBXFileReference; fileEncoding = 4; lastKnownFileType = sourcecode.c.h; path = Game.h; sourceTree = "<group>"; };
		FC8A93EE12C9D8EB006E9C83 /* SpriteGun.cpp */ = {isa = PBXFileReference; fileEncoding = 4; lastKnownFileType = sourcecode.cpp.cpp; path = SpriteGun.cpp; sourceTree = "<group>"; };
		FC8A93EF12C9D8EB006E9C83 /* SpriteGun.h */ = {isa = PBXFileReference; fileEncoding = 4; lastKnownFileType = sourcecode.c.h; path = SpriteGun.h; sourceTree = "<group>"; };
		FC8BE41F13B12C5600EAA5EE /* fastmix.cpp */ = {isa = PBXFileReference; fileEncoding = 4; lastKnownFileType = sourcecode.cpp.cpp; path = fastmix.cpp; sourceTree = "<group>"; };
		FCA06F0711EDD6BB00FE4BFA /* UIKit.framework */ = {isa = PBXFileReference; lastKnownFileType = wrapper.framework; name = UIKit.framework; path = System/Library/Frameworks/UIKit.framework; sourceTree = SDKROOT; };
		FCA06F0B11EDD6D100FE4BFA /* Foundation.framework */ = {isa = PBXFileReference; lastKnownFileType = wrapper.framework; name = Foundation.framework; path = System/Library/Frameworks/Foundation.framework; sourceTree = SDKROOT; };
		FCAB716014E264F4008A34BC /* Audio.mm */ = {isa = PBXFileReference; fileEncoding = 4; lastKnownFileType = sourcecode.cpp.objcpp; path = Audio.mm; sourceTree = "<group>"; };
		FCAB716114E264F4008A34BC /* Audio.h */ = {isa = PBXFileReference; fileEncoding = 4; lastKnownFileType = sourcecode.c.h; path = Audio.h; sourceTree = "<group>"; };
		FCDE087312D924A3004CE9B7 /* load_it.cpp */ = {isa = PBXFileReference; fileEncoding = 4; lastKnownFileType = sourcecode.cpp.cpp; path = load_it.cpp; sourceTree = "<group>"; };
		FCDE087812D924A3004CE9B7 /* load_mod.cpp */ = {isa = PBXFileReference; fileEncoding = 4; lastKnownFileType = sourcecode.cpp.cpp; path = load_mod.cpp; sourceTree = "<group>"; };
		FCDE088012D924A3004CE9B7 /* load_s3m.cpp */ = {isa = PBXFileReference; fileEncoding = 4; lastKnownFileType = sourcecode.cpp.cpp; path = load_s3m.cpp; sourceTree = "<group>"; };
		FCDE088412D924A3004CE9B7 /* load_wav.cpp */ = {isa = PBXFileReference; fileEncoding = 4; lastKnownFileType = sourcecode.cpp.cpp; path = load_wav.cpp; sourceTree = "<group>"; };
		FCDE088512D924A3004CE9B7 /* load_xm.cpp */ = {isa = PBXFileReference; fileEncoding = 4; lastKnownFileType = sourcecode.cpp.cpp; path = load_xm.cpp; sourceTree = "<group>"; };
		FCDE088612D924A3004CE9B7 /* mmcmp.cpp */ = {isa = PBXFileReference; fileEncoding = 4; lastKnownFileType = sourcecode.cpp.cpp; path = mmcmp.cpp; sourceTree = "<group>"; };
		FCDE088712D924A3004CE9B7 /* modplug.cpp */ = {isa = PBXFileReference; fileEncoding = 4; lastKnownFileType = sourcecode.cpp.cpp; path = modplug.cpp; sourceTree = "<group>"; };
		FCDE088812D924A3004CE9B7 /* snd_dsp.cpp */ = {isa = PBXFileReference; fileEncoding = 4; lastKnownFileType = sourcecode.cpp.cpp; path = snd_dsp.cpp; sourceTree = "<group>"; };
		FCDE088912D924A3004CE9B7 /* snd_flt.cpp */ = {isa = PBXFileReference; fileEncoding = 4; lastKnownFileType = sourcecode.cpp.cpp; path = snd_flt.cpp; sourceTree = "<group>"; };
		FCDE088A12D924A3004CE9B7 /* snd_fx.cpp */ = {isa = PBXFileReference; fileEncoding = 4; lastKnownFileType = sourcecode.cpp.cpp; path = snd_fx.cpp; sourceTree = "<group>"; };
		FCDE088B12D924A3004CE9B7 /* sndfile.cpp */ = {isa = PBXFileReference; fileEncoding = 4; lastKnownFileType = sourcecode.cpp.cpp; path = sndfile.cpp; sourceTree = "<group>"; };
		FCDE088C12D924A3004CE9B7 /* sndmix.cpp */ = {isa = PBXFileReference; fileEncoding = 4; lastKnownFileType = sourcecode.cpp.cpp; path = sndmix.cpp; sourceTree = "<group>"; };
		FCDE088D12D924A3004CE9B7 /* tables.h */ = {isa = PBXFileReference; fileEncoding = 4; lastKnownFileType = sourcecode.c.h; path = tables.h; sourceTree = "<group>"; };
		FCDE095012D92F17004CE9B7 /* AudioToolbox.framework */ = {isa = PBXFileReference; lastKnownFileType = wrapper.framework; name = AudioToolbox.framework; path = System/Library/Frameworks/AudioToolbox.framework; sourceTree = SDKROOT; };
		FCDFB0E012B1A7B400A0B4E1 /* AtlasSprite.h */ = {isa = PBXFileReference; fileEncoding = 4; lastKnownFileType = sourcecode.c.h; path = AtlasSprite.h; sourceTree = "<group>"; };
		FCDFB0E112B1A7B400A0B4E1 /* AtlasSprite.cpp */ = {isa = PBXFileReference; fileEncoding = 4; lastKnownFileType = sourcecode.cpp.cpp; path = AtlasSprite.cpp; sourceTree = "<group>"; };
		FCF8913213E8AA3900AFEB8E /* Entitlements.plist */ = {isa = PBXFileReference; fileEncoding = 4; lastKnownFileType = text.plist.xml; path = Entitlements.plist; sourceTree = "<group>"; };
		FCFECB6311EC0D2000BBBE2A /* OpenGLES.framework */ = {isa = PBXFileReference; lastKnownFileType = wrapper.framework; name = OpenGLES.framework; path = System/Library/Frameworks/OpenGLES.framework; sourceTree = SDKROOT; };
		FCFECB6B11EC0D5200BBBE2A /* QuartzCore.framework */ = {isa = PBXFileReference; lastKnownFileType = wrapper.framework; name = QuartzCore.framework; path = System/Library/Frameworks/QuartzCore.framework; sourceTree = SDKROOT; };
/* End PBXFileReference section */

/* Begin PBXFrameworksBuildPhase section */
		1D60588F0D05DD3D006BFB54 /* Frameworks */ = {
			isa = PBXFrameworksBuildPhase;
			buildActionMask = 2147483647;
			files = (
				FC03727E13E7E4E600250EB2 /* MediaPlayer.framework in Frameworks */,
				FCFECB6411EC0D2000BBBE2A /* OpenGLES.framework in Frameworks */,
				FCFECB6C11EC0D5200BBBE2A /* QuartzCore.framework in Frameworks */,
				FCA06F0811EDD6BB00FE4BFA /* UIKit.framework in Frameworks */,
				FCA06F0C11EDD6D100FE4BFA /* Foundation.framework in Frameworks */,
				FCDE095112D92F17004CE9B7 /* AudioToolbox.framework in Frameworks */,
			);
			runOnlyForDeploymentPostprocessing = 0;
		};
/* End PBXFrameworksBuildPhase section */

/* Begin PBXGroup section */
		19C28FACFE9D520D11CA2CBB /* Products */ = {
			isa = PBXGroup;
			children = (
				1D6058910D05DD3D006BFB54 /* RaptorIsland.app */,
			);
			name = Products;
			sourceTree = "<group>";
		};
		29B97314FDCFA39411CA2CEA /* CustomTemplate */ = {
			isa = PBXGroup;
			children = (
				C21B2B9D1659E618005EEE4E /* Default-568h@2x.png */,
				FC141C4A1285429700166578 /* assets */,
				FC1417611285413100166578 /* Classes */,
				FC1417661285413100166578 /* Default.png */,
				FCF8913213E8AA3900AFEB8E /* Entitlements.plist */,
				29B97323FDCFA39411CA2CEA /* Frameworks */,
				C251C68C158EF4CE00750D11 /* iPad */,
				FC1417671285413100166578 /* main.mm */,
				FC1417681285413100166578 /* MainWindow.xib */,
				FC14176A1285413100166578 /* MemoryLeak-Info.plist */,
				FC1417691285413100166578 /* MemoryLeak_Prefix.pch */,
				19C28FACFE9D520D11CA2CBB /* Products */,
				FC1417731285415800166578 /* src */,
			);
			name = CustomTemplate;
			sourceTree = "<group>";
		};
		29B97323FDCFA39411CA2CEA /* Frameworks */ = {
			isa = PBXGroup;
			children = (
				FC03727D13E7E4E600250EB2 /* MediaPlayer.framework */,
				FCFECB6311EC0D2000BBBE2A /* OpenGLES.framework */,
				FCFECB6B11EC0D5200BBBE2A /* QuartzCore.framework */,
				FCA06F0711EDD6BB00FE4BFA /* UIKit.framework */,
				FCA06F0B11EDD6D100FE4BFA /* Foundation.framework */,
				FCDE095012D92F17004CE9B7 /* AudioToolbox.framework */,
			);
			name = Frameworks;
			sourceTree = "<group>";
		};
		C251C68C158EF4CE00750D11 /* iPad */ = {
			isa = PBXGroup;
			children = (
				C251C68D158EF4CE00750D11 /* MainWindow-iPad.xib */,
			);
			name = iPad;
			sourceTree = "<group>";
		};
		FC1417611285413100166578 /* Classes */ = {
			isa = PBXGroup;
			children = (
				FCAB716114E264F4008A34BC /* Audio.h */,
				FCAB716014E264F4008A34BC /* Audio.mm */,
				FC1417621285413100166578 /* EAGLView.h */,
				FC1417631285413100166578 /* EAGLView.mm */,
				FC1417641285413100166578 /* MemoryLeakAppDelegate.h */,
				FC1417651285413100166578 /* MemoryLeakAppDelegate.m */,
			);
			path = Classes;
			sourceTree = "<group>";
		};
		FC1417731285415800166578 /* src */ = {
			isa = PBXGroup;
			children = (
				FCDFB0E112B1A7B400A0B4E1 /* AtlasSprite.cpp */,
				FCDFB0E012B1A7B400A0B4E1 /* AtlasSprite.h */,
				FC14188C1285415800166578 /* contrib */,
				FC1419B41285415900166578 /* Engine.cpp */,
				FC1419B51285415900166578 /* Engine.h */,
				C2E2EC961542A4760069C210 /* FileHandle.h */,
				FC1419B61285415900166578 /* foo.h */,
				FC6D4D6713A46D1B00DE1200 /* Game.h */,
				FCDE086912D924A3004CE9B7 /* libmodplug */,
				FC141A871285415900166578 /* MemoryLeak.h */,
				FC10A31E129E3EB70056E630 /* micropather.cpp */,
				FC10A31F129E3EB70056E630 /* micropather.h */,
				FC5F1EB5129A13FD00E5F9FB /* octree */,
				FC141A8A1285415900166578 /* OpenGLCommon.h */,
				C2E2EC971542A4760069C210 /* pnglite.c */,
				C2E2EC981542A4760069C210 /* pnglite.h */,
				FC8A93EE12C9D8EB006E9C83 /* SpriteGun.cpp */,
				FC8A93EF12C9D8EB006E9C83 /* SpriteGun.h */,
				C23348D215827CA800F64C5E /* StateFoo.cpp */,
				C23348D315827CA800F64C5E /* StateFoo.h */,
				FC6D4C9F13A459D000DE1200 /* SuperStarShooter.cpp */,
				FC6D4CA013A459D000DE1200 /* SuperStarShooter.h */,
			);
			name = src;
			path = ../../src;
			sourceTree = SOURCE_ROOT;
		};
		FC14188C1285415800166578 /* contrib */ = {
			isa = PBXGroup;
			children = (
				FC14188D1285415800166578 /* ConvertUTF */,
				FC1419811285415900166578 /* cppunit_note.txt */,
				FC14198C1285415900166578 /* unzip */,
				FC1419941285415900166578 /* zlib */,
				FC1419B31285415900166578 /* zlib_note.txt */,
			);
			path = contrib;
			sourceTree = "<group>";
		};
		FC14188D1285415800166578 /* ConvertUTF */ = {
			isa = PBXGroup;
			children = (
				FC14188E1285415800166578 /* ConvertUTF.c */,
				FC14188F1285415800166578 /* ConvertUTF.h */,
				FC1418901285415800166578 /* ConvertUTF.o */,
				FC1418911285415800166578 /* readme.txt */,
			);
			path = ConvertUTF;
			sourceTree = "<group>";
		};
		FC14198C1285415900166578 /* unzip */ = {
			isa = PBXGroup;
			children = (
				FC14198D1285415900166578 /* crypt.h */,
				FC14198E1285415900166578 /* ioapi.c */,
				FC14198F1285415900166578 /* ioapi.h */,
				FC1419901285415900166578 /* ioapi.o */,
				FC1419911285415900166578 /* unzip.c */,
				FC1419921285415900166578 /* unzip.h */,
				FC1419931285415900166578 /* unzip.o */,
			);
			path = unzip;
			sourceTree = "<group>";
		};
		FC1419941285415900166578 /* zlib */ = {
			isa = PBXGroup;
			children = (
				FC1419951285415900166578 /* adler32.c */,
				FC1419961285415900166578 /* adler32.o */,
				FC1419971285415900166578 /* compress.c */,
				FC1419981285415900166578 /* compress.o */,
				FC1419991285415900166578 /* crc32.c */,
				FC14199A1285415900166578 /* crc32.h */,
				FC14199B1285415900166578 /* crc32.o */,
				FC14199C1285415900166578 /* deflate.c */,
				FC14199D1285415900166578 /* deflate.h */,
				FC14199E1285415900166578 /* deflate.o */,
				FC14199F1285415900166578 /* inffast.c */,
				FC1419A01285415900166578 /* inffast.h */,
				FC1419A11285415900166578 /* inffast.o */,
				FC1419A21285415900166578 /* inffixed.h */,
				FC1419A31285415900166578 /* inflate.c */,
				FC1419A41285415900166578 /* inflate.h */,
				FC1419A51285415900166578 /* inflate.o */,
				FC1419A61285415900166578 /* inftrees.c */,
				FC1419A71285415900166578 /* inftrees.h */,
				FC1419A81285415900166578 /* inftrees.o */,
				FC1419A91285415900166578 /* README */,
				FC1419AA1285415900166578 /* trees.c */,
				FC1419AB1285415900166578 /* trees.h */,
				FC1419AC1285415900166578 /* trees.o */,
				FC1419AD1285415900166578 /* zconf.h */,
				FC1419AE1285415900166578 /* zconf.in.h */,
				FC1419AF1285415900166578 /* zlib.h */,
				FC1419B01285415900166578 /* zutil.c */,
				FC1419B11285415900166578 /* zutil.h */,
				FC1419B21285415900166578 /* zutil.o */,
			);
			path = zlib;
			sourceTree = "<group>";
		};
		FC5F1EB5129A13FD00E5F9FB /* octree */ = {
			isa = PBXGroup;
			children = (
				FC5F1EB6129A13FD00E5F9FB /* array.h */,
				FC5F1EB7129A13FD00E5F9FB /* array2d.h */,
				FC5F1EB8129A13FD00E5F9FB /* numtraits.h */,
				FC5F1EB9129A13FD00E5F9FB /* octree.h */,
				FC5F1EBA129A13FD00E5F9FB /* octree.tcc */,
				FC5F1EBB129A13FD00E5F9FB /* point3d.h */,
				FC5F1EBC129A13FD00E5F9FB /* shareddata.h */,
				FC5F1EBD129A13FD00E5F9FB /* tinyvector.h */,
			);
			path = octree;
			sourceTree = "<group>";
		};
		FCDE086912D924A3004CE9B7 /* libmodplug */ = {
			isa = PBXGroup;
			children = (
				FC8BE41F13B12C5600EAA5EE /* fastmix.cpp */,
				FCDE087312D924A3004CE9B7 /* load_it.cpp */,
				FCDE087812D924A3004CE9B7 /* load_mod.cpp */,
				FCDE088012D924A3004CE9B7 /* load_s3m.cpp */,
				FCDE088412D924A3004CE9B7 /* load_wav.cpp */,
				FCDE088512D924A3004CE9B7 /* load_xm.cpp */,
				FCDE088612D924A3004CE9B7 /* mmcmp.cpp */,
				FCDE088712D924A3004CE9B7 /* modplug.cpp */,
				FCDE088812D924A3004CE9B7 /* snd_dsp.cpp */,
				FCDE088912D924A3004CE9B7 /* snd_flt.cpp */,
				FCDE088A12D924A3004CE9B7 /* snd_fx.cpp */,
				FCDE088B12D924A3004CE9B7 /* sndfile.cpp */,
				FCDE088C12D924A3004CE9B7 /* sndmix.cpp */,
				FCDE088D12D924A3004CE9B7 /* tables.h */,
			);
			path = libmodplug;
			sourceTree = "<group>";
		};
/* End PBXGroup section */

/* Begin PBXNativeTarget section */
		1D6058900D05DD3D006BFB54 /* MemoryLeak */ = {
			isa = PBXNativeTarget;
			buildConfigurationList = 1D6058960D05DD3E006BFB54 /* Build configuration list for PBXNativeTarget "MemoryLeak" */;
			buildPhases = (
				1D60588D0D05DD3D006BFB54 /* Resources */,
				1D60588E0D05DD3D006BFB54 /* Sources */,
				1D60588F0D05DD3D006BFB54 /* Frameworks */,
				FCF14A7D129D4A2900E6178C /* ShellScript */,
			);
			buildRules = (
			);
			dependencies = (
			);
			name = MemoryLeak;
			productName = MemoryLeak;
			productReference = 1D6058910D05DD3D006BFB54 /* RaptorIsland.app */;
			productType = "com.apple.product-type.application";
		};
/* End PBXNativeTarget section */

/* Begin PBXProject section */
		29B97313FDCFA39411CA2CEA /* Project object */ = {
			isa = PBXProject;
			attributes = {
				LastUpgradeCheck = 0430;
			};
			buildConfigurationList = C01FCF4E08A954540054247B /* Build configuration list for PBXProject "MemoryLeak" */;
			compatibilityVersion = "Xcode 3.2";
			developmentRegion = English;
			hasScannedForEncodings = 1;
			knownRegions = (
				English,
				Japanese,
				French,
				German,
			);
			mainGroup = 29B97314FDCFA39411CA2CEA /* CustomTemplate */;
			projectDirPath = "";
			projectRoot = "";
			targets = (
				1D6058900D05DD3D006BFB54 /* MemoryLeak */,
			);
		};
/* End PBXProject section */

/* Begin PBXResourcesBuildPhase section */
		1D60588D0D05DD3D006BFB54 /* Resources */ = {
			isa = PBXResourcesBuildPhase;
			buildActionMask = 2147483647;
			files = (
				FC14176D1285413100166578 /* Default.png in Resources */,
				FC14176F1285413100166578 /* MainWindow.xib in Resources */,
				FC141C571285429700166578 /* assets in Resources */,
				FCF8913313E8AA3900AFEB8E /* Entitlements.plist in Resources */,
				C251C68E158EF4CE00750D11 /* MainWindow-iPad.xib in Resources */,
				C21B2B9E1659E618005EEE4E /* Default-568h@2x.png in Resources */,
			);
			runOnlyForDeploymentPostprocessing = 0;
		};
/* End PBXResourcesBuildPhase section */

/* Begin PBXShellScriptBuildPhase section */
		FCF14A7D129D4A2900E6178C /* ShellScript */ = {
			isa = PBXShellScriptBuildPhase;
			buildActionMask = 2147483647;
			files = (
			);
			inputPaths = (
			);
			outputPaths = (
			);
			runOnlyForDeploymentPostprocessing = 0;
			shellPath = /bin/sh;
			shellScript = "touch -cm ${SRCROOT}/../../assets";
		};
/* End PBXShellScriptBuildPhase section */

/* Begin PBXSourcesBuildPhase section */
		1D60588E0D05DD3D006BFB54 /* Sources */ = {
			isa = PBXSourcesBuildPhase;
			buildActionMask = 2147483647;
			files = (
				FC14176B1285413100166578 /* EAGLView.mm in Sources */,
				FC14176C1285413100166578 /* MemoryLeakAppDelegate.m in Sources */,
				FC14176E1285413100166578 /* main.mm in Sources */,
				FC141B6C1285415900166578 /* ConvertUTF.c in Sources */,
				FC141BFD1285415900166578 /* ioapi.c in Sources */,
				FC141BFF1285415900166578 /* unzip.c in Sources */,
				FC141C011285415900166578 /* adler32.c in Sources */,
				FC141C031285415900166578 /* compress.c in Sources */,
				FC141C051285415900166578 /* crc32.c in Sources */,
				FC141C071285415900166578 /* deflate.c in Sources */,
				FC141C091285415900166578 /* inffast.c in Sources */,
				FC141C0B1285415900166578 /* inflate.c in Sources */,
				FC141C0D1285415900166578 /* inftrees.c in Sources */,
				FC141C101285415900166578 /* trees.c in Sources */,
				FC141C121285415900166578 /* zutil.c in Sources */,
				FC141C151285415900166578 /* Engine.cpp in Sources */,
				FC10A322129E3EB70056E630 /* micropather.cpp in Sources */,
				FCDFB0E212B1A7B400A0B4E1 /* AtlasSprite.cpp in Sources */,
				FC8A93F012C9D8EB006E9C83 /* SpriteGun.cpp in Sources */,
				FCDE089712D924A3004CE9B7 /* load_it.cpp in Sources */,
				FCDE089C12D924A3004CE9B7 /* load_mod.cpp in Sources */,
				FCDE08A312D924A3004CE9B7 /* load_s3m.cpp in Sources */,
				FCDE08A712D924A3004CE9B7 /* load_wav.cpp in Sources */,
				FCDE08A812D924A3004CE9B7 /* load_xm.cpp in Sources */,
				FCDE08A912D924A3004CE9B7 /* mmcmp.cpp in Sources */,
				FCDE08AA12D924A3004CE9B7 /* modplug.cpp in Sources */,
				FCDE08AB12D924A3004CE9B7 /* snd_dsp.cpp in Sources */,
				FCDE08AC12D924A3004CE9B7 /* snd_flt.cpp in Sources */,
				FCDE08AD12D924A3004CE9B7 /* snd_fx.cpp in Sources */,
				FCDE08AE12D924A3004CE9B7 /* sndfile.cpp in Sources */,
				FCDE08AF12D924A3004CE9B7 /* sndmix.cpp in Sources */,
				FC6D4CA213A459D000DE1200 /* SuperStarShooter.cpp in Sources */,
				FC8BE42013B12C5600EAA5EE /* fastmix.cpp in Sources */,
				FCAB716214E264F4008A34BC /* Audio.mm in Sources */,
				C2E2EC991542A4770069C210 /* pnglite.c in Sources */,
				C23348D415827CA800F64C5E /* StateFoo.cpp in Sources */,
			);
			runOnlyForDeploymentPostprocessing = 0;
		};
/* End PBXSourcesBuildPhase section */

/* Begin XCBuildConfiguration section */
		1D6058940D05DD3E006BFB54 /* Debug */ = {
			isa = XCBuildConfiguration;
			buildSettings = {
				ALWAYS_SEARCH_USER_PATHS = NO;
				CODE_SIGN_IDENTITY = "iPhone Developer";
				"CODE_SIGN_IDENTITY[sdk=iphoneos*]" = "iPhone Developer";
				COMPRESS_PNG_FILES = NO;
				COPY_PHASE_STRIP = NO;
				GCC_DYNAMIC_NO_PIC = NO;
				GCC_ENABLE_CPP_EXCEPTIONS = YES;
				GCC_OPTIMIZATION_LEVEL = 0;
				GCC_PRECOMPILE_PREFIX_HEADER = YES;
				GCC_PREFIX_HEADER = "";
				GCC_PREPROCESSOR_DEFINITIONS = (
					HAVE_SETENV,
					HAVE_SINF,
				);
				GCC_THUMB_SUPPORT = NO;
				"GCC_THUMB_SUPPORT[arch=armv6]" = NO;
				GCC_TREAT_IMPLICIT_FUNCTION_DECLARATIONS_AS_ERRORS = YES;
				GCC_VERSION = com.apple.compilers.llvm.clang.1_0;
				GCC_WARN_ABOUT_GLOBAL_CONSTRUCTORS = NO;
				GCC_WARN_ABOUT_MISSING_PROTOTYPES = YES;
				GCC_WARN_CHECK_SWITCH_STATEMENTS = YES;
				GCC_WARN_EFFECTIVE_CPLUSPLUS_VIOLATIONS = NO;
				GCC_WARN_FOUR_CHARACTER_CONSTANTS = YES;
				GCC_WARN_HIDDEN_VIRTUAL_FUNCTIONS = NO;
				GCC_WARN_INITIALIZER_NOT_FULLY_BRACKETED = YES;
				GCC_WARN_MISSING_PARENTHESES = YES;
				GCC_WARN_NON_VIRTUAL_DESTRUCTOR = NO;
				GCC_WARN_SHADOW = NO;
				GCC_WARN_UNUSED_FUNCTION = YES;
				GCC_WARN_UNUSED_PARAMETER = NO;
				GCC_WARN_UNUSED_VALUE = YES;
				HEADER_SEARCH_PATHS = (
					"$(SRCROOT)/../../src/",
					"$(SRCROOT)/../../src/assimp/BoostWorkaround/",
					"$(SRCROOT)/../../src/yajl",
					"$(SRCROOT)/../../src/yajl/api",
					"$(SRCROOT)/../../src/octree",
					"$(SRCROOT)/../../src/include/libmodplug",
					"$(SRCROOT)/../../src/include/ares",
					"$(SRCROOT)/../../src/include",
					"$(SRCROOT)/../../src/oolua",
				);
				INFOPLIST_FILE = "MemoryLeak-Info.plist";
				IPHONEOS_DEPLOYMENT_TARGET = 4.3;
				ONLY_ACTIVE_ARCH = YES;
				OTHER_CFLAGS = (
					"-D_iPhoneVersion",
					"-DHAS_VAO",
					"-DMODPLUG_BASIC_SUPPORT",
					"-DMODPLUG_FASTSOUNDLIB",
					"-DHAVE_BUILTIN_SINCOS",
					"-DUSE_GLES2",
				);
				PRODUCT_NAME = RaptorIsland;
				PROVISIONING_PROFILE = "";
				"PROVISIONING_PROFILE[sdk=iphoneos*]" = "";
				RUN_CLANG_STATIC_ANALYZER = NO;
				SDKROOT = iphoneos;
				TARGETED_DEVICE_FAMILY = "1,2";
			};
			name = Debug;
		};
		1D6058950D05DD3E006BFB54 /* Release */ = {
			isa = XCBuildConfiguration;
			buildSettings = {
				ALWAYS_SEARCH_USER_PATHS = NO;
				CODE_SIGN_IDENTITY = "iPhone Developer";
				"CODE_SIGN_IDENTITY[sdk=iphoneos*]" = "iPhone Developer";
				COMPRESS_PNG_FILES = NO;
				COPY_PHASE_STRIP = NO;
				GCC_ENABLE_CPP_EXCEPTIONS = YES;
				GCC_OPTIMIZATION_LEVEL = 3;
				GCC_PRECOMPILE_PREFIX_HEADER = YES;
				GCC_PREFIX_HEADER = MemoryLeak_Prefix.pch;
				GCC_PREPROCESSOR_DEFINITIONS = (
					HAVE_SETENV,
					HAVE_SINF,
				);
				GCC_THUMB_SUPPORT = NO;
				"GCC_THUMB_SUPPORT[arch=armv6]" = "";
				GCC_VERSION = com.apple.compilers.llvm.clang.1_0;
				GCC_WARN_SHADOW = NO;
				HEADER_SEARCH_PATHS = (
					"$(SRCROOT)/../../src/",
					"$(SRCROOT)/../../src/assimp/BoostWorkaround/",
					"$(SRCROOT)/../../src/yajl",
					"$(SRCROOT)/../../src/yajl/api",
					"$(SRCROOT)/../../src/octree",
					"$(SRCROOT)/../../src/include/libmodplug",
					"$(SRCROOT)/../../src/include/ares",
					"$(SRCROOT)/../../src/include",
					"$(SRCROOT)/../../src/oolua",
				);
				INFOPLIST_FILE = "MemoryLeak-Info.plist";
				IPHONEOS_DEPLOYMENT_TARGET = 4.3;
				OTHER_CFLAGS = (
					"-D_iPhoneVersion",
					"-DHAS_VAO",
					"-DMODPLUG_BASIC_SUPPORT",
					"-DMODPLUG_FASTSOUNDLIB",
					"-DHAVE_BUILTIN_SINCOS",
					"-DUSE_GLES2",
				);
				PRODUCT_NAME = RaptorIsland;
				PROVISIONING_PROFILE = "";
				"PROVISIONING_PROFILE[sdk=iphoneos*]" = "";
				RUN_CLANG_STATIC_ANALYZER = NO;
				SDKROOT = iphoneos;
				TARGETED_DEVICE_FAMILY = "1,2";
			};
			name = Release;
		};
		C01FCF4F08A954540054247B /* Debug */ = {
			isa = XCBuildConfiguration;
			buildSettings = {
				ARCHS = "$(ARCHS_STANDARD_32_BIT)";
				"CODE_SIGN_IDENTITY[sdk=iphoneos*]" = "iPhone Developer: Jon Bardin (W6CH2N775F)";
				COMPRESS_PNG_FILES = NO;
				COPY_PHASE_STRIP = NO;
				GCC_C_LANGUAGE_STANDARD = c99;
				GCC_OPTIMIZATION_LEVEL = 0;
				GCC_VERSION = "";
				GCC_WARN_ABOUT_RETURN_TYPE = YES;
				GCC_WARN_UNUSED_VARIABLE = YES;
				GENERATE_PROFILING_CODE = YES;
				IPHONEOS_DEPLOYMENT_TARGET = 4.3;
				OTHER_CFLAGS = "";
				"PROVISIONING_PROFILE[sdk=iphoneos*]" = "D0130CED-1079-4039-AE59-8B32C78B86A7";
				RUN_CLANG_STATIC_ANALYZER = YES;
				SDKROOT = iphoneos;
				STRIP_INSTALLED_PRODUCT = NO;
			};
			name = Debug;
		};
		C01FCF5008A954540054247B /* Release */ = {
			isa = XCBuildConfiguration;
			buildSettings = {
				ARCHS = "$(ARCHS_STANDARD_32_BIT)";
				"CODE_SIGN_IDENTITY[sdk=iphoneos*]" = "iPhone Developer: Jon Bardin (W6CH2N775F)";
				COMPRESS_PNG_FILES = NO;
				GCC_C_LANGUAGE_STANDARD = c99;
				GCC_WARN_ABOUT_RETURN_TYPE = YES;
				GCC_WARN_UNUSED_VARIABLE = YES;
				IPHONEOS_DEPLOYMENT_TARGET = 4.3;
				OTHER_CFLAGS = "";
				"PROVISIONING_PROFILE[sdk=iphoneos*]" = "D0130CED-1079-4039-AE59-8B32C78B86A7";
				SDKROOT = iphoneos;
			};
			name = Release;
		};
		FCF8913413E8AA7B00AFEB8E /* Ad Hoc */ = {
			isa = XCBuildConfiguration;
			buildSettings = {
				ARCHS = "$(ARCHS_STANDARD_32_BIT)";
				"CODE_SIGN_IDENTITY[sdk=iphoneos*]" = "iPhone Developer: Jon Bardin (W6CH2N775F)";
				COMPRESS_PNG_FILES = NO;
				GCC_C_LANGUAGE_STANDARD = c99;
				GCC_WARN_ABOUT_RETURN_TYPE = YES;
				GCC_WARN_UNUSED_VARIABLE = YES;
				IPHONEOS_DEPLOYMENT_TARGET = 4.3;
				OTHER_CFLAGS = "";
				"PROVISIONING_PROFILE[sdk=iphoneos*]" = "D0130CED-1079-4039-AE59-8B32C78B86A7";
				SDKROOT = iphoneos;
			};
			name = "Ad Hoc";
		};
		FCF8913513E8AA7B00AFEB8E /* Ad Hoc */ = {
			isa = XCBuildConfiguration;
			buildSettings = {
				ALWAYS_SEARCH_USER_PATHS = NO;
				CODE_SIGN_ENTITLEMENTS = Entitlements.plist;
				CODE_SIGN_IDENTITY = "iPhone Developer";
				"CODE_SIGN_IDENTITY[sdk=iphoneos*]" = "iPhone Developer";
				COMPRESS_PNG_FILES = NO;
				COPY_PHASE_STRIP = NO;
				GCC_ENABLE_CPP_EXCEPTIONS = YES;
				GCC_OPTIMIZATION_LEVEL = 3;
				GCC_PRECOMPILE_PREFIX_HEADER = YES;
				GCC_PREFIX_HEADER = MemoryLeak_Prefix.pch;
				GCC_PREPROCESSOR_DEFINITIONS = (
					HAVE_SETENV,
					HAVE_SINF,
				);
				GCC_THUMB_SUPPORT = NO;
				"GCC_THUMB_SUPPORT[arch=armv6]" = "";
				GCC_VERSION = com.apple.compilers.llvm.clang.1_0;
				GCC_WARN_SHADOW = NO;
				HEADER_SEARCH_PATHS = (
					"$(SRCROOT)/../../src/",
					"$(SRCROOT)/../../src/assimp/BoostWorkaround/",
					"$(SRCROOT)/../../src/yajl",
					"$(SRCROOT)/../../src/yajl/api",
					"$(SRCROOT)/../../src/octree",
					"$(SRCROOT)/../../src/include/libmodplug",
					"$(SRCROOT)/../../src/include/ares",
					"$(SRCROOT)/../../src/include",
					"$(SRCROOT)/../../src/oolua",
				);
				INFOPLIST_FILE = "MemoryLeak-Info.plist";
				IPHONEOS_DEPLOYMENT_TARGET = 4.3;
				OTHER_CFLAGS = (
					"-D_iPhoneVersion",
					"-DHAS_VAO",
					"-DMODPLUG_BASIC_SUPPORT",
					"-DMODPLUG_FASTSOUNDLIB",
					"-DHAVE_BUILTIN_SINCOS",
					"-DUSE_GLES2",
				);
				PRODUCT_NAME = RaptorIsland;
				PROVISIONING_PROFILE = "";
				"PROVISIONING_PROFILE[sdk=iphoneos*]" = "";
				RUN_CLANG_STATIC_ANALYZER = NO;
				SDKROOT = iphoneos;
				TARGETED_DEVICE_FAMILY = "1,2";
			};
			name = "Ad Hoc";
		};
/* End XCBuildConfiguration section */

/* Begin XCConfigurationList section */
		1D6058960D05DD3E006BFB54 /* Build configuration list for PBXNativeTarget "MemoryLeak" */ = {
			isa = XCConfigurationList;
			buildConfigurations = (
				1D6058940D05DD3E006BFB54 /* Debug */,
				1D6058950D05DD3E006BFB54 /* Release */,
				FCF8913513E8AA7B00AFEB8E /* Ad Hoc */,
			);
			defaultConfigurationIsVisible = 0;
			defaultConfigurationName = Release;
		};
		C01FCF4E08A954540054247B /* Build configuration list for PBXProject "MemoryLeak" */ = {
			isa = XCConfigurationList;
			buildConfigurations = (
				C01FCF4F08A954540054247B /* Debug */,
				C01FCF5008A954540054247B /* Release */,
				FCF8913413E8AA7B00AFEB8E /* Ad Hoc */,
			);
			defaultConfigurationIsVisible = 0;
			defaultConfigurationName = Release;
		};
/* End XCConfigurationList section */
	};
	rootObject = 29B97313FDCFA39411CA2CEA /* Project object */;
}
